
Microsoft Visual Studio Solution File, Format Version 11.00
# Visual Studio 2010
Project("{FAE04EC0-301F-11D3-BF4B-00C04F79EFBC}") = "UIHelpers", "UIHelpers.csproj", "{45CE1A5C-2D8C-4BC7-98DB-30CCD3A0A957}"
EndProject
Project("{FAE04EC0-301F-11D3-BF4B-00C04F79EFBC}") = "IOUtils", "..\IOUtils\IOUtils.csproj", "{F638B416-047C-4624-9A9F-46E029D38A50}"
EndProject
Project("{FAE04EC0-301F-11D3-BF4B-00C04F79EFBC}") = "JrRegistry", "..\JrRegistry\JrRegistry.csproj", "{7ADF1A28-BB93-4F99-ACE4-01039C0512BC}"
EndProject
Project("{FAE04EC0-301F-11D3-BF4B-00C04F79EFBC}") = "JrWindowsAPI", "..\JrWindowsAPI\JrWindowsAPI.csproj", "{DD1DADAA-EA19-4B2B-9114-895CAF849728}"
EndProject
Project("{FAE04EC0-301F-11D3-BF4B-00C04F79EFBC}") = "JrCollections", "..\JrCollections\JrCollections.csproj", "{CBCF9E4A-D94E-49AB-A6D4-8AF37FF63DAE}"
EndProject
Project("{FAE04EC0-301F-11D3-BF4B-00C04F79EFBC}") = "JtString", "..\JrString\JtString.csproj", "{09230B90-AEEB-4ABA-8368-81FAE8BEF845}"
EndProject
Global
	GlobalSection(SolutionConfigurationPlatforms) = preSolution
		Debug|Any CPU = Debug|Any CPU
		Release|Any CPU = Release|Any CPU
	EndGlobalSection
	GlobalSection(ProjectConfigurationPlatforms) = postSolution
		{45CE1A5C-2D8C-4BC7-98DB-30CCD3A0A957}.Debug|Any CPU.ActiveCfg = Debug|x86
		{45CE1A5C-2D8C-4BC7-98DB-30CCD3A0A957}.Debug|Any CPU.Build.0 = Debug|x86
		{45CE1A5C-2D8C-4BC7-98DB-30CCD3A0A957}.Release|Any CPU.ActiveCfg = Release|Any CPU
		{45CE1A5C-2D8C-4BC7-98DB-30CCD3A0A957}.Release|Any CPU.Build.0 = Release|Any CPU
		{F638B416-047C-4624-9A9F-46E029D38A50}.Debug|Any CPU.ActiveCfg = Debug|x86
		{F638B416-047C-4624-9A9F-46E029D38A50}.Debug|Any CPU.Build.0 = Debug|x86
		{F638B416-047C-4624-9A9F-46E029D38A50}.Release|Any CPU.ActiveCfg = Release|Any CPU
		{F638B416-047C-4624-9A9F-46E029D38A50}.Release|Any CPU.Build.0 = Release|Any CPU
		{7ADF1A28-BB93-4F99-ACE4-01039C0512BC}.Debug|Any CPU.ActiveCfg = Debug|x86
		{7ADF1A28-BB93-4F99-ACE4-01039C0512BC}.Debug|Any CPU.Build.0 = Debug|x86
		{7ADF1A28-BB93-4F99-ACE4-01039C0512BC}.Release|Any CPU.ActiveCfg = Release|Any CPU
		{7ADF1A28-BB93-4F99-ACE4-01039C0512BC}.Release|Any CPU.Build.0 = Release|Any CPU
		{DD1DADAA-EA19-4B2B-9114-895CAF849728}.Debug|Any CPU.ActiveCfg = Debug|x86
		{DD1DADAA-EA19-4B2B-9114-895CAF849728}.Debug|Any CPU.Build.0 = Debug|x86
		{DD1DADAA-EA19-4B2B-9114-895CAF849728}.Release|Any CPU.ActiveCfg = Release|Any CPU
		{DD1DADAA-EA19-4B2B-9114-895CAF849728}.Release|Any CPU.Build.0 = Release|Any CPU
		{CBCF9E4A-D94E-49AB-A6D4-8AF37FF63DAE}.Debug|Any CPU.ActiveCfg = Debug|x86
		{CBCF9E4A-D94E-49AB-A6D4-8AF37FF63DAE}.Debug|Any CPU.Build.0 = Debug|x86
		{CBCF9E4A-D94E-49AB-A6D4-8AF37FF63DAE}.Release|Any CPU.ActiveCfg = Release|Any CPU
		{CBCF9E4A-D94E-49AB-A6D4-8AF37FF63DAE}.Release|Any CPU.Build.0 = Release|Any CPU
		{09230B90-AEEB-4ABA-8368-81FAE8BEF845}.Debug|Any CPU.ActiveCfg = Debug|x86
		{09230B90-AEEB-4ABA-8368-81FAE8BEF845}.Debug|Any CPU.Build.0 = Debug|x86
		{09230B90-AEEB-4ABA-8368-81FAE8BEF845}.Release|Any CPU.ActiveCfg = Release|Any CPU
		{09230B90-AEEB-4ABA-8368-81FAE8BEF845}.Release|Any CPU.Build.0 = Release|Any CPU
	EndGlobalSection
	GlobalSection(SolutionProperties) = preSolution
		HideSolutionNode = FALSE
	EndGlobalSection
EndGlobal
