
Microsoft Visual Studio Solution File, Format Version 12.00
# Visual Studio 15
VisualStudioVersion = 15.0.26730.10
MinimumVisualStudioVersion = 10.0.40219.1
Project("{FAE04EC0-301F-11D3-BF4B-00C04F79EFBC}") = "JrCollections", "..\middleware\general\JrCollections\JrCollections.csproj", "{CBCF9E4A-D94E-49AB-A6D4-8AF37FF63DAE}"
EndProject
Project("{FAE04EC0-301F-11D3-BF4B-00C04F79EFBC}") = "JrString", "..\middleware\general\JrString\JrString.csproj", "{09230B90-AEEB-4ABA-8368-81FAE8BEF845}"
EndProject
Project("{FAE04EC0-301F-11D3-BF4B-00C04F79EFBC}") = "JrConversions", "..\middleware\general\JrConversions\JrConversions.csproj", "{E33DA86B-3F7E-4651-9229-FADDE859BCFB}"
EndProject
Project("{FAE04EC0-301F-11D3-BF4B-00C04F79EFBC}") = "QRA_Frontend", "QRA_Frontend\QRA_Frontend.csproj", "{534554A2-C9B7-4E59-B77B-A5CD5B5AD330}"
	ProjectSection(ProjectDependencies) = postProject
		{633DD4FE-52C9-4646-8DE8-A5C1EF28C141} = {633DD4FE-52C9-4646-8DE8-A5C1EF28C141}
	EndProjectSection
EndProject
Project("{FAE04EC0-301F-11D3-BF4B-00C04F79EFBC}") = "QRAState", "..\middleware\QRAState\QRAState.csproj", "{AC649404-0356-4135-8322-2A889BF0C0C6}"
EndProject
Project("{FAE04EC0-301F-11D3-BF4B-00C04F79EFBC}") = "UIHelpers", "..\middleware\general\UIHelpers\UIHelpers.csproj", "{45CE1A5C-2D8C-4BC7-98DB-30CCD3A0A957}"
	ProjectSection(ProjectDependencies) = postProject
		{CBCF9E4A-D94E-49AB-A6D4-8AF37FF63DAE} = {CBCF9E4A-D94E-49AB-A6D4-8AF37FF63DAE}
	EndProjectSection
EndProject
Project("{FAE04EC0-301F-11D3-BF4B-00C04F79EFBC}") = "DefaultParsing", "..\middleware\general\DefaultParsing\DefaultParsing.csproj", "{30346355-F436-48EA-8661-409687BE3759}"
EndProject
Project("{FAE04EC0-301F-11D3-BF4B-00C04F79EFBC}") = "PythonDir", "PythonDir\PythonDir.csproj", "{E6C6E2E3-933E-4AEA-AD20-AA7CB3558002}"
EndProject
Project("{FAE04EC0-301F-11D3-BF4B-00C04F79EFBC}") = "PyAPI", "PyAPI\PyAPI.csproj", "{633DD4FE-52C9-4646-8DE8-A5C1EF28C141}"
EndProject
Project("{54435603-DBB4-11D2-8724-00A0C9A8B90C}") = "HyRAMSetup", "HyRAMSetup\HyRAMSetup.vdproj", "{0191021E-FD95-4F17-9342-EAE0947B9BF0}"
EndProject
Global
	GlobalSection(SolutionConfigurationPlatforms) = preSolution
		Debug|Any CPU = Debug|Any CPU
		Debug|Mixed Platforms = Debug|Mixed Platforms
		Debug|Win32 = Debug|Win32
		Debug|x64 = Debug|x64
		Debug|x86 = Debug|x86
		Forced 32-bit|Any CPU = Forced 32-bit|Any CPU
		Forced 32-bit|Mixed Platforms = Forced 32-bit|Mixed Platforms
		Forced 32-bit|Win32 = Forced 32-bit|Win32
		Forced 32-bit|x64 = Forced 32-bit|x64
		Forced 32-bit|x86 = Forced 32-bit|x86
		Net20|Any CPU = Net20|Any CPU
		Net20|Mixed Platforms = Net20|Mixed Platforms
		Net20|Win32 = Net20|Win32
		Net20|x64 = Net20|x64
		Net20|x86 = Net20|x86
		Net35|Any CPU = Net35|Any CPU
		Net35|Mixed Platforms = Net35|Mixed Platforms
		Net35|Win32 = Net35|Win32
		Net35|x64 = Net35|x64
		Net35|x86 = Net35|x86
		Release|Any CPU = Release|Any CPU
		Release|Mixed Platforms = Release|Mixed Platforms
		Release|Win32 = Release|Win32
		Release|x64 = Release|x64
		Release|x86 = Release|x86
		Release-Signed|Any CPU = Release-Signed|Any CPU
		Release-Signed|Mixed Platforms = Release-Signed|Mixed Platforms
		Release-Signed|Win32 = Release-Signed|Win32
		Release-Signed|x64 = Release-Signed|x64
		Release-Signed|x86 = Release-Signed|x86
	EndGlobalSection
	GlobalSection(ProjectConfigurationPlatforms) = postSolution
		{CBCF9E4A-D94E-49AB-A6D4-8AF37FF63DAE}.Debug|Any CPU.ActiveCfg = Debug|Any CPU
		{CBCF9E4A-D94E-49AB-A6D4-8AF37FF63DAE}.Debug|Any CPU.Build.0 = Debug|Any CPU
		{CBCF9E4A-D94E-49AB-A6D4-8AF37FF63DAE}.Debug|Mixed Platforms.ActiveCfg = Debug|Any CPU
		{CBCF9E4A-D94E-49AB-A6D4-8AF37FF63DAE}.Debug|Mixed Platforms.Build.0 = Debug|Any CPU
		{CBCF9E4A-D94E-49AB-A6D4-8AF37FF63DAE}.Debug|Win32.ActiveCfg = Debug|Any CPU
		{CBCF9E4A-D94E-49AB-A6D4-8AF37FF63DAE}.Debug|Win32.Build.0 = Debug|Any CPU
		{CBCF9E4A-D94E-49AB-A6D4-8AF37FF63DAE}.Debug|x64.ActiveCfg = Debug|Any CPU
		{CBCF9E4A-D94E-49AB-A6D4-8AF37FF63DAE}.Debug|x64.Build.0 = Debug|Any CPU
		{CBCF9E4A-D94E-49AB-A6D4-8AF37FF63DAE}.Debug|x86.ActiveCfg = Debug|Any CPU
		{CBCF9E4A-D94E-49AB-A6D4-8AF37FF63DAE}.Debug|x86.Build.0 = Debug|Any CPU
		{CBCF9E4A-D94E-49AB-A6D4-8AF37FF63DAE}.Forced 32-bit|Any CPU.ActiveCfg = Forced 32-bit|Any CPU
		{CBCF9E4A-D94E-49AB-A6D4-8AF37FF63DAE}.Forced 32-bit|Any CPU.Build.0 = Forced 32-bit|Any CPU
		{CBCF9E4A-D94E-49AB-A6D4-8AF37FF63DAE}.Forced 32-bit|Mixed Platforms.ActiveCfg = Forced 32-bit|Any CPU
		{CBCF9E4A-D94E-49AB-A6D4-8AF37FF63DAE}.Forced 32-bit|Mixed Platforms.Build.0 = Forced 32-bit|Any CPU
		{CBCF9E4A-D94E-49AB-A6D4-8AF37FF63DAE}.Forced 32-bit|Win32.ActiveCfg = Forced 32-bit|Any CPU
		{CBCF9E4A-D94E-49AB-A6D4-8AF37FF63DAE}.Forced 32-bit|Win32.Build.0 = Forced 32-bit|Any CPU
		{CBCF9E4A-D94E-49AB-A6D4-8AF37FF63DAE}.Forced 32-bit|x64.ActiveCfg = Forced 32-bit|Any CPU
		{CBCF9E4A-D94E-49AB-A6D4-8AF37FF63DAE}.Forced 32-bit|x64.Build.0 = Forced 32-bit|Any CPU
		{CBCF9E4A-D94E-49AB-A6D4-8AF37FF63DAE}.Forced 32-bit|x86.ActiveCfg = Forced 32-bit|Any CPU
		{CBCF9E4A-D94E-49AB-A6D4-8AF37FF63DAE}.Forced 32-bit|x86.Build.0 = Forced 32-bit|Any CPU
		{CBCF9E4A-D94E-49AB-A6D4-8AF37FF63DAE}.Net20|Any CPU.ActiveCfg = Net20|Any CPU
		{CBCF9E4A-D94E-49AB-A6D4-8AF37FF63DAE}.Net20|Any CPU.Build.0 = Net20|Any CPU
		{CBCF9E4A-D94E-49AB-A6D4-8AF37FF63DAE}.Net20|Mixed Platforms.ActiveCfg = Net20|Any CPU
		{CBCF9E4A-D94E-49AB-A6D4-8AF37FF63DAE}.Net20|Mixed Platforms.Build.0 = Net20|Any CPU
		{CBCF9E4A-D94E-49AB-A6D4-8AF37FF63DAE}.Net20|Win32.ActiveCfg = Net20|Any CPU
		{CBCF9E4A-D94E-49AB-A6D4-8AF37FF63DAE}.Net20|Win32.Build.0 = Net20|Any CPU
		{CBCF9E4A-D94E-49AB-A6D4-8AF37FF63DAE}.Net20|x64.ActiveCfg = Net20|Any CPU
		{CBCF9E4A-D94E-49AB-A6D4-8AF37FF63DAE}.Net20|x64.Build.0 = Net20|Any CPU
		{CBCF9E4A-D94E-49AB-A6D4-8AF37FF63DAE}.Net20|x86.ActiveCfg = Net20|Any CPU
		{CBCF9E4A-D94E-49AB-A6D4-8AF37FF63DAE}.Net20|x86.Build.0 = Net20|Any CPU
		{CBCF9E4A-D94E-49AB-A6D4-8AF37FF63DAE}.Net35|Any CPU.ActiveCfg = Net35|Any CPU
		{CBCF9E4A-D94E-49AB-A6D4-8AF37FF63DAE}.Net35|Any CPU.Build.0 = Net35|Any CPU
		{CBCF9E4A-D94E-49AB-A6D4-8AF37FF63DAE}.Net35|Mixed Platforms.ActiveCfg = Net35|Any CPU
		{CBCF9E4A-D94E-49AB-A6D4-8AF37FF63DAE}.Net35|Mixed Platforms.Build.0 = Net35|Any CPU
		{CBCF9E4A-D94E-49AB-A6D4-8AF37FF63DAE}.Net35|Win32.ActiveCfg = Net35|Any CPU
		{CBCF9E4A-D94E-49AB-A6D4-8AF37FF63DAE}.Net35|Win32.Build.0 = Net35|Any CPU
		{CBCF9E4A-D94E-49AB-A6D4-8AF37FF63DAE}.Net35|x64.ActiveCfg = Net35|Any CPU
		{CBCF9E4A-D94E-49AB-A6D4-8AF37FF63DAE}.Net35|x64.Build.0 = Net35|Any CPU
		{CBCF9E4A-D94E-49AB-A6D4-8AF37FF63DAE}.Net35|x86.ActiveCfg = Net35|Any CPU
		{CBCF9E4A-D94E-49AB-A6D4-8AF37FF63DAE}.Net35|x86.Build.0 = Net35|Any CPU
		{CBCF9E4A-D94E-49AB-A6D4-8AF37FF63DAE}.Release|Any CPU.ActiveCfg = Release|Any CPU
		{CBCF9E4A-D94E-49AB-A6D4-8AF37FF63DAE}.Release|Any CPU.Build.0 = Release|Any CPU
		{CBCF9E4A-D94E-49AB-A6D4-8AF37FF63DAE}.Release|Mixed Platforms.ActiveCfg = Release|Any CPU
		{CBCF9E4A-D94E-49AB-A6D4-8AF37FF63DAE}.Release|Mixed Platforms.Build.0 = Release|Any CPU
		{CBCF9E4A-D94E-49AB-A6D4-8AF37FF63DAE}.Release|Win32.ActiveCfg = Release|Any CPU
		{CBCF9E4A-D94E-49AB-A6D4-8AF37FF63DAE}.Release|Win32.Build.0 = Release|Any CPU
		{CBCF9E4A-D94E-49AB-A6D4-8AF37FF63DAE}.Release|x64.ActiveCfg = Release|Any CPU
		{CBCF9E4A-D94E-49AB-A6D4-8AF37FF63DAE}.Release|x64.Build.0 = Release|Any CPU
		{CBCF9E4A-D94E-49AB-A6D4-8AF37FF63DAE}.Release|x86.ActiveCfg = Release|Any CPU
		{CBCF9E4A-D94E-49AB-A6D4-8AF37FF63DAE}.Release|x86.Build.0 = Release|Any CPU
		{CBCF9E4A-D94E-49AB-A6D4-8AF37FF63DAE}.Release-Signed|Any CPU.ActiveCfg = Release|Any CPU
		{CBCF9E4A-D94E-49AB-A6D4-8AF37FF63DAE}.Release-Signed|Any CPU.Build.0 = Release|Any CPU
		{CBCF9E4A-D94E-49AB-A6D4-8AF37FF63DAE}.Release-Signed|Mixed Platforms.ActiveCfg = Release|Any CPU
		{CBCF9E4A-D94E-49AB-A6D4-8AF37FF63DAE}.Release-Signed|Mixed Platforms.Build.0 = Release|Any CPU
		{CBCF9E4A-D94E-49AB-A6D4-8AF37FF63DAE}.Release-Signed|Win32.ActiveCfg = Release|Any CPU
		{CBCF9E4A-D94E-49AB-A6D4-8AF37FF63DAE}.Release-Signed|Win32.Build.0 = Release|Any CPU
		{CBCF9E4A-D94E-49AB-A6D4-8AF37FF63DAE}.Release-Signed|x64.ActiveCfg = Release|Any CPU
		{CBCF9E4A-D94E-49AB-A6D4-8AF37FF63DAE}.Release-Signed|x64.Build.0 = Release|Any CPU
		{CBCF9E4A-D94E-49AB-A6D4-8AF37FF63DAE}.Release-Signed|x86.ActiveCfg = Release|Any CPU
		{CBCF9E4A-D94E-49AB-A6D4-8AF37FF63DAE}.Release-Signed|x86.Build.0 = Release|Any CPU
		{09230B90-AEEB-4ABA-8368-81FAE8BEF845}.Debug|Any CPU.ActiveCfg = Debug|Any CPU
		{09230B90-AEEB-4ABA-8368-81FAE8BEF845}.Debug|Any CPU.Build.0 = Debug|Any CPU
		{09230B90-AEEB-4ABA-8368-81FAE8BEF845}.Debug|Mixed Platforms.ActiveCfg = Debug|Any CPU
		{09230B90-AEEB-4ABA-8368-81FAE8BEF845}.Debug|Mixed Platforms.Build.0 = Debug|Any CPU
		{09230B90-AEEB-4ABA-8368-81FAE8BEF845}.Debug|Win32.ActiveCfg = Debug|Any CPU
		{09230B90-AEEB-4ABA-8368-81FAE8BEF845}.Debug|Win32.Build.0 = Debug|Any CPU
		{09230B90-AEEB-4ABA-8368-81FAE8BEF845}.Debug|x64.ActiveCfg = Debug|Any CPU
		{09230B90-AEEB-4ABA-8368-81FAE8BEF845}.Debug|x64.Build.0 = Debug|Any CPU
		{09230B90-AEEB-4ABA-8368-81FAE8BEF845}.Debug|x86.ActiveCfg = Debug|Any CPU
		{09230B90-AEEB-4ABA-8368-81FAE8BEF845}.Debug|x86.Build.0 = Debug|Any CPU
		{09230B90-AEEB-4ABA-8368-81FAE8BEF845}.Forced 32-bit|Any CPU.ActiveCfg = Forced 32-bit|Any CPU
		{09230B90-AEEB-4ABA-8368-81FAE8BEF845}.Forced 32-bit|Any CPU.Build.0 = Forced 32-bit|Any CPU
		{09230B90-AEEB-4ABA-8368-81FAE8BEF845}.Forced 32-bit|Mixed Platforms.ActiveCfg = Forced 32-bit|Any CPU
		{09230B90-AEEB-4ABA-8368-81FAE8BEF845}.Forced 32-bit|Mixed Platforms.Build.0 = Forced 32-bit|Any CPU
		{09230B90-AEEB-4ABA-8368-81FAE8BEF845}.Forced 32-bit|Win32.ActiveCfg = Forced 32-bit|Any CPU
		{09230B90-AEEB-4ABA-8368-81FAE8BEF845}.Forced 32-bit|Win32.Build.0 = Forced 32-bit|Any CPU
		{09230B90-AEEB-4ABA-8368-81FAE8BEF845}.Forced 32-bit|x64.ActiveCfg = Forced 32-bit|Any CPU
		{09230B90-AEEB-4ABA-8368-81FAE8BEF845}.Forced 32-bit|x64.Build.0 = Forced 32-bit|Any CPU
		{09230B90-AEEB-4ABA-8368-81FAE8BEF845}.Forced 32-bit|x86.ActiveCfg = Forced 32-bit|Any CPU
		{09230B90-AEEB-4ABA-8368-81FAE8BEF845}.Forced 32-bit|x86.Build.0 = Forced 32-bit|Any CPU
		{09230B90-AEEB-4ABA-8368-81FAE8BEF845}.Net20|Any CPU.ActiveCfg = Net20|Any CPU
		{09230B90-AEEB-4ABA-8368-81FAE8BEF845}.Net20|Any CPU.Build.0 = Net20|Any CPU
		{09230B90-AEEB-4ABA-8368-81FAE8BEF845}.Net20|Mixed Platforms.ActiveCfg = Net20|Any CPU
		{09230B90-AEEB-4ABA-8368-81FAE8BEF845}.Net20|Mixed Platforms.Build.0 = Net20|Any CPU
		{09230B90-AEEB-4ABA-8368-81FAE8BEF845}.Net20|Win32.ActiveCfg = Net20|Any CPU
		{09230B90-AEEB-4ABA-8368-81FAE8BEF845}.Net20|Win32.Build.0 = Net20|Any CPU
		{09230B90-AEEB-4ABA-8368-81FAE8BEF845}.Net20|x64.ActiveCfg = Net20|Any CPU
		{09230B90-AEEB-4ABA-8368-81FAE8BEF845}.Net20|x64.Build.0 = Net20|Any CPU
		{09230B90-AEEB-4ABA-8368-81FAE8BEF845}.Net20|x86.ActiveCfg = Net20|Any CPU
		{09230B90-AEEB-4ABA-8368-81FAE8BEF845}.Net20|x86.Build.0 = Net20|Any CPU
		{09230B90-AEEB-4ABA-8368-81FAE8BEF845}.Net35|Any CPU.ActiveCfg = Net35|Any CPU
		{09230B90-AEEB-4ABA-8368-81FAE8BEF845}.Net35|Any CPU.Build.0 = Net35|Any CPU
		{09230B90-AEEB-4ABA-8368-81FAE8BEF845}.Net35|Mixed Platforms.ActiveCfg = Net35|Any CPU
		{09230B90-AEEB-4ABA-8368-81FAE8BEF845}.Net35|Mixed Platforms.Build.0 = Net35|Any CPU
		{09230B90-AEEB-4ABA-8368-81FAE8BEF845}.Net35|Win32.ActiveCfg = Net35|Any CPU
		{09230B90-AEEB-4ABA-8368-81FAE8BEF845}.Net35|Win32.Build.0 = Net35|Any CPU
		{09230B90-AEEB-4ABA-8368-81FAE8BEF845}.Net35|x64.ActiveCfg = Net35|Any CPU
		{09230B90-AEEB-4ABA-8368-81FAE8BEF845}.Net35|x64.Build.0 = Net35|Any CPU
		{09230B90-AEEB-4ABA-8368-81FAE8BEF845}.Net35|x86.ActiveCfg = Net35|Any CPU
		{09230B90-AEEB-4ABA-8368-81FAE8BEF845}.Net35|x86.Build.0 = Net35|Any CPU
		{09230B90-AEEB-4ABA-8368-81FAE8BEF845}.Release|Any CPU.ActiveCfg = Release|Any CPU
		{09230B90-AEEB-4ABA-8368-81FAE8BEF845}.Release|Any CPU.Build.0 = Release|Any CPU
		{09230B90-AEEB-4ABA-8368-81FAE8BEF845}.Release|Mixed Platforms.ActiveCfg = Release|Any CPU
		{09230B90-AEEB-4ABA-8368-81FAE8BEF845}.Release|Mixed Platforms.Build.0 = Release|Any CPU
		{09230B90-AEEB-4ABA-8368-81FAE8BEF845}.Release|Win32.ActiveCfg = Release|Any CPU
		{09230B90-AEEB-4ABA-8368-81FAE8BEF845}.Release|Win32.Build.0 = Release|Any CPU
		{09230B90-AEEB-4ABA-8368-81FAE8BEF845}.Release|x64.ActiveCfg = Release|Any CPU
		{09230B90-AEEB-4ABA-8368-81FAE8BEF845}.Release|x64.Build.0 = Release|Any CPU
		{09230B90-AEEB-4ABA-8368-81FAE8BEF845}.Release|x86.ActiveCfg = Release|Any CPU
		{09230B90-AEEB-4ABA-8368-81FAE8BEF845}.Release|x86.Build.0 = Release|Any CPU
		{09230B90-AEEB-4ABA-8368-81FAE8BEF845}.Release-Signed|Any CPU.ActiveCfg = Release|Any CPU
		{09230B90-AEEB-4ABA-8368-81FAE8BEF845}.Release-Signed|Any CPU.Build.0 = Release|Any CPU
		{09230B90-AEEB-4ABA-8368-81FAE8BEF845}.Release-Signed|Mixed Platforms.ActiveCfg = Release|Any CPU
		{09230B90-AEEB-4ABA-8368-81FAE8BEF845}.Release-Signed|Mixed Platforms.Build.0 = Release|Any CPU
		{09230B90-AEEB-4ABA-8368-81FAE8BEF845}.Release-Signed|Win32.ActiveCfg = Release|Any CPU
		{09230B90-AEEB-4ABA-8368-81FAE8BEF845}.Release-Signed|Win32.Build.0 = Release|Any CPU
		{09230B90-AEEB-4ABA-8368-81FAE8BEF845}.Release-Signed|x64.ActiveCfg = Release|Any CPU
		{09230B90-AEEB-4ABA-8368-81FAE8BEF845}.Release-Signed|x64.Build.0 = Release|Any CPU
		{09230B90-AEEB-4ABA-8368-81FAE8BEF845}.Release-Signed|x86.ActiveCfg = Release|Any CPU
		{09230B90-AEEB-4ABA-8368-81FAE8BEF845}.Release-Signed|x86.Build.0 = Release|Any CPU
		{E33DA86B-3F7E-4651-9229-FADDE859BCFB}.Debug|Any CPU.ActiveCfg = Debug|Any CPU
		{E33DA86B-3F7E-4651-9229-FADDE859BCFB}.Debug|Any CPU.Build.0 = Debug|Any CPU
		{E33DA86B-3F7E-4651-9229-FADDE859BCFB}.Debug|Mixed Platforms.ActiveCfg = Debug|Any CPU
		{E33DA86B-3F7E-4651-9229-FADDE859BCFB}.Debug|Mixed Platforms.Build.0 = Debug|Any CPU
		{E33DA86B-3F7E-4651-9229-FADDE859BCFB}.Debug|Win32.ActiveCfg = Debug|Any CPU
		{E33DA86B-3F7E-4651-9229-FADDE859BCFB}.Debug|Win32.Build.0 = Debug|Any CPU
		{E33DA86B-3F7E-4651-9229-FADDE859BCFB}.Debug|x64.ActiveCfg = Debug|Any CPU
		{E33DA86B-3F7E-4651-9229-FADDE859BCFB}.Debug|x64.Build.0 = Debug|Any CPU
		{E33DA86B-3F7E-4651-9229-FADDE859BCFB}.Debug|x86.ActiveCfg = Debug|Any CPU
		{E33DA86B-3F7E-4651-9229-FADDE859BCFB}.Debug|x86.Build.0 = Debug|Any CPU
		{E33DA86B-3F7E-4651-9229-FADDE859BCFB}.Forced 32-bit|Any CPU.ActiveCfg = Release|Any CPU
		{E33DA86B-3F7E-4651-9229-FADDE859BCFB}.Forced 32-bit|Any CPU.Build.0 = Release|Any CPU
		{E33DA86B-3F7E-4651-9229-FADDE859BCFB}.Forced 32-bit|Mixed Platforms.ActiveCfg = Release|Any CPU
		{E33DA86B-3F7E-4651-9229-FADDE859BCFB}.Forced 32-bit|Mixed Platforms.Build.0 = Release|Any CPU
		{E33DA86B-3F7E-4651-9229-FADDE859BCFB}.Forced 32-bit|Win32.ActiveCfg = Debug|Any CPU
		{E33DA86B-3F7E-4651-9229-FADDE859BCFB}.Forced 32-bit|Win32.Build.0 = Debug|Any CPU
		{E33DA86B-3F7E-4651-9229-FADDE859BCFB}.Forced 32-bit|x64.ActiveCfg = Release|Any CPU
		{E33DA86B-3F7E-4651-9229-FADDE859BCFB}.Forced 32-bit|x86.ActiveCfg = Release|Any CPU
		{E33DA86B-3F7E-4651-9229-FADDE859BCFB}.Net20|Any CPU.ActiveCfg = Release|Any CPU
		{E33DA86B-3F7E-4651-9229-FADDE859BCFB}.Net20|Any CPU.Build.0 = Release|Any CPU
		{E33DA86B-3F7E-4651-9229-FADDE859BCFB}.Net20|Mixed Platforms.ActiveCfg = Release|Any CPU
		{E33DA86B-3F7E-4651-9229-FADDE859BCFB}.Net20|Mixed Platforms.Build.0 = Release|Any CPU
		{E33DA86B-3F7E-4651-9229-FADDE859BCFB}.Net20|Win32.ActiveCfg = Debug|Any CPU
		{E33DA86B-3F7E-4651-9229-FADDE859BCFB}.Net20|Win32.Build.0 = Debug|Any CPU
		{E33DA86B-3F7E-4651-9229-FADDE859BCFB}.Net20|x64.ActiveCfg = Release|Any CPU
		{E33DA86B-3F7E-4651-9229-FADDE859BCFB}.Net20|x86.ActiveCfg = Release|Any CPU
		{E33DA86B-3F7E-4651-9229-FADDE859BCFB}.Net35|Any CPU.ActiveCfg = Release|Any CPU
		{E33DA86B-3F7E-4651-9229-FADDE859BCFB}.Net35|Any CPU.Build.0 = Release|Any CPU
		{E33DA86B-3F7E-4651-9229-FADDE859BCFB}.Net35|Mixed Platforms.ActiveCfg = Release|Any CPU
		{E33DA86B-3F7E-4651-9229-FADDE859BCFB}.Net35|Mixed Platforms.Build.0 = Release|Any CPU
		{E33DA86B-3F7E-4651-9229-FADDE859BCFB}.Net35|Win32.ActiveCfg = Debug|Any CPU
		{E33DA86B-3F7E-4651-9229-FADDE859BCFB}.Net35|Win32.Build.0 = Debug|Any CPU
		{E33DA86B-3F7E-4651-9229-FADDE859BCFB}.Net35|x64.ActiveCfg = Release|Any CPU
		{E33DA86B-3F7E-4651-9229-FADDE859BCFB}.Net35|x86.ActiveCfg = Release|Any CPU
		{E33DA86B-3F7E-4651-9229-FADDE859BCFB}.Release|Any CPU.ActiveCfg = Release|Any CPU
		{E33DA86B-3F7E-4651-9229-FADDE859BCFB}.Release|Any CPU.Build.0 = Release|Any CPU
		{E33DA86B-3F7E-4651-9229-FADDE859BCFB}.Release|Mixed Platforms.ActiveCfg = Release|Any CPU
		{E33DA86B-3F7E-4651-9229-FADDE859BCFB}.Release|Mixed Platforms.Build.0 = Release|Any CPU
		{E33DA86B-3F7E-4651-9229-FADDE859BCFB}.Release|Win32.ActiveCfg = Release|Any CPU
		{E33DA86B-3F7E-4651-9229-FADDE859BCFB}.Release|Win32.Build.0 = Release|Any CPU
		{E33DA86B-3F7E-4651-9229-FADDE859BCFB}.Release|x64.ActiveCfg = Release|Any CPU
		{E33DA86B-3F7E-4651-9229-FADDE859BCFB}.Release|x64.Build.0 = Release|Any CPU
		{E33DA86B-3F7E-4651-9229-FADDE859BCFB}.Release|x86.ActiveCfg = Release|Any CPU
		{E33DA86B-3F7E-4651-9229-FADDE859BCFB}.Release-Signed|Any CPU.ActiveCfg = Release|Any CPU
		{E33DA86B-3F7E-4651-9229-FADDE859BCFB}.Release-Signed|Any CPU.Build.0 = Release|Any CPU
		{E33DA86B-3F7E-4651-9229-FADDE859BCFB}.Release-Signed|Mixed Platforms.ActiveCfg = Release|Any CPU
		{E33DA86B-3F7E-4651-9229-FADDE859BCFB}.Release-Signed|Mixed Platforms.Build.0 = Release|Any CPU
		{E33DA86B-3F7E-4651-9229-FADDE859BCFB}.Release-Signed|Win32.ActiveCfg = Release|Any CPU
		{E33DA86B-3F7E-4651-9229-FADDE859BCFB}.Release-Signed|Win32.Build.0 = Release|Any CPU
		{E33DA86B-3F7E-4651-9229-FADDE859BCFB}.Release-Signed|x64.ActiveCfg = Release|Any CPU
		{E33DA86B-3F7E-4651-9229-FADDE859BCFB}.Release-Signed|x64.Build.0 = Release|Any CPU
		{E33DA86B-3F7E-4651-9229-FADDE859BCFB}.Release-Signed|x86.ActiveCfg = Release|Any CPU
		{E33DA86B-3F7E-4651-9229-FADDE859BCFB}.Release-Signed|x86.Build.0 = Release|Any CPU
		{534554A2-C9B7-4E59-B77B-A5CD5B5AD330}.Debug|Any CPU.ActiveCfg = Debug|Any CPU
		{534554A2-C9B7-4E59-B77B-A5CD5B5AD330}.Debug|Any CPU.Build.0 = Debug|Any CPU
		{534554A2-C9B7-4E59-B77B-A5CD5B5AD330}.Debug|Mixed Platforms.ActiveCfg = Debug|Any CPU
		{534554A2-C9B7-4E59-B77B-A5CD5B5AD330}.Debug|Mixed Platforms.Build.0 = Debug|Any CPU
		{534554A2-C9B7-4E59-B77B-A5CD5B5AD330}.Debug|Win32.ActiveCfg = Debug|Any CPU
		{534554A2-C9B7-4E59-B77B-A5CD5B5AD330}.Debug|Win32.Build.0 = Debug|Any CPU
		{534554A2-C9B7-4E59-B77B-A5CD5B5AD330}.Debug|x64.ActiveCfg = Debug|Any CPU
		{534554A2-C9B7-4E59-B77B-A5CD5B5AD330}.Debug|x64.Build.0 = Debug|Any CPU
		{534554A2-C9B7-4E59-B77B-A5CD5B5AD330}.Debug|x86.ActiveCfg = Debug|Any CPU
		{534554A2-C9B7-4E59-B77B-A5CD5B5AD330}.Debug|x86.Build.0 = Debug|Any CPU
		{534554A2-C9B7-4E59-B77B-A5CD5B5AD330}.Forced 32-bit|Any CPU.ActiveCfg = Release|Any CPU
		{534554A2-C9B7-4E59-B77B-A5CD5B5AD330}.Forced 32-bit|Any CPU.Build.0 = Release|Any CPU
		{534554A2-C9B7-4E59-B77B-A5CD5B5AD330}.Forced 32-bit|Mixed Platforms.ActiveCfg = Release|Any CPU
		{534554A2-C9B7-4E59-B77B-A5CD5B5AD330}.Forced 32-bit|Mixed Platforms.Build.0 = Release|Any CPU
		{534554A2-C9B7-4E59-B77B-A5CD5B5AD330}.Forced 32-bit|Win32.ActiveCfg = Debug|Any CPU
		{534554A2-C9B7-4E59-B77B-A5CD5B5AD330}.Forced 32-bit|Win32.Build.0 = Debug|Any CPU
		{534554A2-C9B7-4E59-B77B-A5CD5B5AD330}.Forced 32-bit|x64.ActiveCfg = Release|Any CPU
		{534554A2-C9B7-4E59-B77B-A5CD5B5AD330}.Forced 32-bit|x86.ActiveCfg = Release|Any CPU
		{534554A2-C9B7-4E59-B77B-A5CD5B5AD330}.Net20|Any CPU.ActiveCfg = Release|Any CPU
		{534554A2-C9B7-4E59-B77B-A5CD5B5AD330}.Net20|Any CPU.Build.0 = Release|Any CPU
		{534554A2-C9B7-4E59-B77B-A5CD5B5AD330}.Net20|Mixed Platforms.ActiveCfg = Release|Any CPU
		{534554A2-C9B7-4E59-B77B-A5CD5B5AD330}.Net20|Mixed Platforms.Build.0 = Release|Any CPU
		{534554A2-C9B7-4E59-B77B-A5CD5B5AD330}.Net20|Win32.ActiveCfg = Debug|Any CPU
		{534554A2-C9B7-4E59-B77B-A5CD5B5AD330}.Net20|Win32.Build.0 = Debug|Any CPU
		{534554A2-C9B7-4E59-B77B-A5CD5B5AD330}.Net20|x64.ActiveCfg = Release|Any CPU
		{534554A2-C9B7-4E59-B77B-A5CD5B5AD330}.Net20|x86.ActiveCfg = Release|Any CPU
		{534554A2-C9B7-4E59-B77B-A5CD5B5AD330}.Net35|Any CPU.ActiveCfg = Release|Any CPU
		{534554A2-C9B7-4E59-B77B-A5CD5B5AD330}.Net35|Any CPU.Build.0 = Release|Any CPU
		{534554A2-C9B7-4E59-B77B-A5CD5B5AD330}.Net35|Mixed Platforms.ActiveCfg = Release|Any CPU
		{534554A2-C9B7-4E59-B77B-A5CD5B5AD330}.Net35|Mixed Platforms.Build.0 = Release|Any CPU
		{534554A2-C9B7-4E59-B77B-A5CD5B5AD330}.Net35|Win32.ActiveCfg = Debug|Any CPU
		{534554A2-C9B7-4E59-B77B-A5CD5B5AD330}.Net35|Win32.Build.0 = Debug|Any CPU
		{534554A2-C9B7-4E59-B77B-A5CD5B5AD330}.Net35|x64.ActiveCfg = Release|Any CPU
		{534554A2-C9B7-4E59-B77B-A5CD5B5AD330}.Net35|x86.ActiveCfg = Release|Any CPU
		{534554A2-C9B7-4E59-B77B-A5CD5B5AD330}.Release|Any CPU.ActiveCfg = Release|Any CPU
		{534554A2-C9B7-4E59-B77B-A5CD5B5AD330}.Release|Any CPU.Build.0 = Release|Any CPU
		{534554A2-C9B7-4E59-B77B-A5CD5B5AD330}.Release|Mixed Platforms.ActiveCfg = Release|Any CPU
		{534554A2-C9B7-4E59-B77B-A5CD5B5AD330}.Release|Mixed Platforms.Build.0 = Release|Any CPU
		{534554A2-C9B7-4E59-B77B-A5CD5B5AD330}.Release|Win32.ActiveCfg = Release|Any CPU
		{534554A2-C9B7-4E59-B77B-A5CD5B5AD330}.Release|Win32.Build.0 = Release|Any CPU
		{534554A2-C9B7-4E59-B77B-A5CD5B5AD330}.Release|x64.ActiveCfg = Release|Any CPU
		{534554A2-C9B7-4E59-B77B-A5CD5B5AD330}.Release|x64.Build.0 = Release|Any CPU
		{534554A2-C9B7-4E59-B77B-A5CD5B5AD330}.Release|x86.ActiveCfg = Release|Any CPU
		{534554A2-C9B7-4E59-B77B-A5CD5B5AD330}.Release-Signed|Any CPU.ActiveCfg = Release|Any CPU
		{534554A2-C9B7-4E59-B77B-A5CD5B5AD330}.Release-Signed|Any CPU.Build.0 = Release|Any CPU
		{534554A2-C9B7-4E59-B77B-A5CD5B5AD330}.Release-Signed|Mixed Platforms.ActiveCfg = Release|Any CPU
		{534554A2-C9B7-4E59-B77B-A5CD5B5AD330}.Release-Signed|Mixed Platforms.Build.0 = Release|Any CPU
		{534554A2-C9B7-4E59-B77B-A5CD5B5AD330}.Release-Signed|Win32.ActiveCfg = Release|Any CPU
		{534554A2-C9B7-4E59-B77B-A5CD5B5AD330}.Release-Signed|Win32.Build.0 = Release|Any CPU
		{534554A2-C9B7-4E59-B77B-A5CD5B5AD330}.Release-Signed|x64.ActiveCfg = Release|Any CPU
		{534554A2-C9B7-4E59-B77B-A5CD5B5AD330}.Release-Signed|x64.Build.0 = Release|Any CPU
		{534554A2-C9B7-4E59-B77B-A5CD5B5AD330}.Release-Signed|x86.ActiveCfg = Release|Any CPU
		{534554A2-C9B7-4E59-B77B-A5CD5B5AD330}.Release-Signed|x86.Build.0 = Release|Any CPU
		{AC649404-0356-4135-8322-2A889BF0C0C6}.Debug|Any CPU.ActiveCfg = Debug|Any CPU
		{AC649404-0356-4135-8322-2A889BF0C0C6}.Debug|Any CPU.Build.0 = Debug|Any CPU
		{AC649404-0356-4135-8322-2A889BF0C0C6}.Debug|Mixed Platforms.ActiveCfg = Debug|Any CPU
		{AC649404-0356-4135-8322-2A889BF0C0C6}.Debug|Mixed Platforms.Build.0 = Debug|Any CPU
		{AC649404-0356-4135-8322-2A889BF0C0C6}.Debug|Win32.ActiveCfg = Debug|Any CPU
		{AC649404-0356-4135-8322-2A889BF0C0C6}.Debug|Win32.Build.0 = Debug|Any CPU
		{AC649404-0356-4135-8322-2A889BF0C0C6}.Debug|x64.ActiveCfg = Debug|Any CPU
		{AC649404-0356-4135-8322-2A889BF0C0C6}.Debug|x64.Build.0 = Debug|Any CPU
		{AC649404-0356-4135-8322-2A889BF0C0C6}.Debug|x86.ActiveCfg = Debug|Any CPU
		{AC649404-0356-4135-8322-2A889BF0C0C6}.Debug|x86.Build.0 = Debug|Any CPU
		{AC649404-0356-4135-8322-2A889BF0C0C6}.Forced 32-bit|Any CPU.ActiveCfg = Release|Any CPU
		{AC649404-0356-4135-8322-2A889BF0C0C6}.Forced 32-bit|Any CPU.Build.0 = Release|Any CPU
		{AC649404-0356-4135-8322-2A889BF0C0C6}.Forced 32-bit|Mixed Platforms.ActiveCfg = Release|Any CPU
		{AC649404-0356-4135-8322-2A889BF0C0C6}.Forced 32-bit|Mixed Platforms.Build.0 = Release|Any CPU
		{AC649404-0356-4135-8322-2A889BF0C0C6}.Forced 32-bit|Win32.ActiveCfg = Debug|Any CPU
		{AC649404-0356-4135-8322-2A889BF0C0C6}.Forced 32-bit|Win32.Build.0 = Debug|Any CPU
		{AC649404-0356-4135-8322-2A889BF0C0C6}.Forced 32-bit|x64.ActiveCfg = Release|Any CPU
		{AC649404-0356-4135-8322-2A889BF0C0C6}.Forced 32-bit|x86.ActiveCfg = Release|Any CPU
		{AC649404-0356-4135-8322-2A889BF0C0C6}.Net20|Any CPU.ActiveCfg = Release|Any CPU
		{AC649404-0356-4135-8322-2A889BF0C0C6}.Net20|Any CPU.Build.0 = Release|Any CPU
		{AC649404-0356-4135-8322-2A889BF0C0C6}.Net20|Mixed Platforms.ActiveCfg = Release|Any CPU
		{AC649404-0356-4135-8322-2A889BF0C0C6}.Net20|Mixed Platforms.Build.0 = Release|Any CPU
		{AC649404-0356-4135-8322-2A889BF0C0C6}.Net20|Win32.ActiveCfg = Debug|Any CPU
		{AC649404-0356-4135-8322-2A889BF0C0C6}.Net20|Win32.Build.0 = Debug|Any CPU
		{AC649404-0356-4135-8322-2A889BF0C0C6}.Net20|x64.ActiveCfg = Release|Any CPU
		{AC649404-0356-4135-8322-2A889BF0C0C6}.Net20|x86.ActiveCfg = Release|Any CPU
		{AC649404-0356-4135-8322-2A889BF0C0C6}.Net35|Any CPU.ActiveCfg = Release|Any CPU
		{AC649404-0356-4135-8322-2A889BF0C0C6}.Net35|Any CPU.Build.0 = Release|Any CPU
		{AC649404-0356-4135-8322-2A889BF0C0C6}.Net35|Mixed Platforms.ActiveCfg = Release|Any CPU
		{AC649404-0356-4135-8322-2A889BF0C0C6}.Net35|Mixed Platforms.Build.0 = Release|Any CPU
		{AC649404-0356-4135-8322-2A889BF0C0C6}.Net35|Win32.ActiveCfg = Debug|Any CPU
		{AC649404-0356-4135-8322-2A889BF0C0C6}.Net35|Win32.Build.0 = Debug|Any CPU
		{AC649404-0356-4135-8322-2A889BF0C0C6}.Net35|x64.ActiveCfg = Release|Any CPU
		{AC649404-0356-4135-8322-2A889BF0C0C6}.Net35|x86.ActiveCfg = Release|Any CPU
		{AC649404-0356-4135-8322-2A889BF0C0C6}.Release|Any CPU.ActiveCfg = Release|Any CPU
		{AC649404-0356-4135-8322-2A889BF0C0C6}.Release|Any CPU.Build.0 = Release|Any CPU
		{AC649404-0356-4135-8322-2A889BF0C0C6}.Release|Mixed Platforms.ActiveCfg = Release|Any CPU
		{AC649404-0356-4135-8322-2A889BF0C0C6}.Release|Mixed Platforms.Build.0 = Release|Any CPU
		{AC649404-0356-4135-8322-2A889BF0C0C6}.Release|Win32.ActiveCfg = Release|Any CPU
		{AC649404-0356-4135-8322-2A889BF0C0C6}.Release|Win32.Build.0 = Release|Any CPU
		{AC649404-0356-4135-8322-2A889BF0C0C6}.Release|x64.ActiveCfg = Release|Any CPU
		{AC649404-0356-4135-8322-2A889BF0C0C6}.Release|x64.Build.0 = Release|Any CPU
		{AC649404-0356-4135-8322-2A889BF0C0C6}.Release|x86.ActiveCfg = Release|Any CPU
		{AC649404-0356-4135-8322-2A889BF0C0C6}.Release-Signed|Any CPU.ActiveCfg = Release|Any CPU
		{AC649404-0356-4135-8322-2A889BF0C0C6}.Release-Signed|Any CPU.Build.0 = Release|Any CPU
		{AC649404-0356-4135-8322-2A889BF0C0C6}.Release-Signed|Mixed Platforms.ActiveCfg = Release|Any CPU
		{AC649404-0356-4135-8322-2A889BF0C0C6}.Release-Signed|Mixed Platforms.Build.0 = Release|Any CPU
		{AC649404-0356-4135-8322-2A889BF0C0C6}.Release-Signed|Win32.ActiveCfg = Release|Any CPU
		{AC649404-0356-4135-8322-2A889BF0C0C6}.Release-Signed|Win32.Build.0 = Release|Any CPU
		{AC649404-0356-4135-8322-2A889BF0C0C6}.Release-Signed|x64.ActiveCfg = Release|Any CPU
		{AC649404-0356-4135-8322-2A889BF0C0C6}.Release-Signed|x64.Build.0 = Release|Any CPU
		{AC649404-0356-4135-8322-2A889BF0C0C6}.Release-Signed|x86.ActiveCfg = Release|Any CPU
		{AC649404-0356-4135-8322-2A889BF0C0C6}.Release-Signed|x86.Build.0 = Release|Any CPU
		{45CE1A5C-2D8C-4BC7-98DB-30CCD3A0A957}.Debug|Any CPU.ActiveCfg = Debug|Any CPU
		{45CE1A5C-2D8C-4BC7-98DB-30CCD3A0A957}.Debug|Any CPU.Build.0 = Debug|Any CPU
		{45CE1A5C-2D8C-4BC7-98DB-30CCD3A0A957}.Debug|Mixed Platforms.ActiveCfg = Debug|Any CPU
		{45CE1A5C-2D8C-4BC7-98DB-30CCD3A0A957}.Debug|Mixed Platforms.Build.0 = Debug|Any CPU
		{45CE1A5C-2D8C-4BC7-98DB-30CCD3A0A957}.Debug|Win32.ActiveCfg = Debug|Any CPU
		{45CE1A5C-2D8C-4BC7-98DB-30CCD3A0A957}.Debug|Win32.Build.0 = Debug|Any CPU
		{45CE1A5C-2D8C-4BC7-98DB-30CCD3A0A957}.Debug|x64.ActiveCfg = Debug|Any CPU
		{45CE1A5C-2D8C-4BC7-98DB-30CCD3A0A957}.Debug|x64.Build.0 = Debug|Any CPU
		{45CE1A5C-2D8C-4BC7-98DB-30CCD3A0A957}.Debug|x86.ActiveCfg = Debug|Any CPU
		{45CE1A5C-2D8C-4BC7-98DB-30CCD3A0A957}.Debug|x86.Build.0 = Debug|Any CPU
		{45CE1A5C-2D8C-4BC7-98DB-30CCD3A0A957}.Forced 32-bit|Any CPU.ActiveCfg = Forced 32-bit|Any CPU
		{45CE1A5C-2D8C-4BC7-98DB-30CCD3A0A957}.Forced 32-bit|Any CPU.Build.0 = Forced 32-bit|Any CPU
		{45CE1A5C-2D8C-4BC7-98DB-30CCD3A0A957}.Forced 32-bit|Mixed Platforms.ActiveCfg = Forced 32-bit|Any CPU
		{45CE1A5C-2D8C-4BC7-98DB-30CCD3A0A957}.Forced 32-bit|Mixed Platforms.Build.0 = Forced 32-bit|Any CPU
		{45CE1A5C-2D8C-4BC7-98DB-30CCD3A0A957}.Forced 32-bit|Win32.ActiveCfg = Forced 32-bit|Any CPU
		{45CE1A5C-2D8C-4BC7-98DB-30CCD3A0A957}.Forced 32-bit|Win32.Build.0 = Forced 32-bit|Any CPU
		{45CE1A5C-2D8C-4BC7-98DB-30CCD3A0A957}.Forced 32-bit|x64.ActiveCfg = Forced 32-bit|Any CPU
		{45CE1A5C-2D8C-4BC7-98DB-30CCD3A0A957}.Forced 32-bit|x64.Build.0 = Forced 32-bit|Any CPU
		{45CE1A5C-2D8C-4BC7-98DB-30CCD3A0A957}.Forced 32-bit|x86.ActiveCfg = Forced 32-bit|Any CPU
		{45CE1A5C-2D8C-4BC7-98DB-30CCD3A0A957}.Forced 32-bit|x86.Build.0 = Forced 32-bit|Any CPU
		{45CE1A5C-2D8C-4BC7-98DB-30CCD3A0A957}.Net20|Any CPU.ActiveCfg = Release|Any CPU
		{45CE1A5C-2D8C-4BC7-98DB-30CCD3A0A957}.Net20|Any CPU.Build.0 = Release|Any CPU
		{45CE1A5C-2D8C-4BC7-98DB-30CCD3A0A957}.Net20|Mixed Platforms.ActiveCfg = Release|Any CPU
		{45CE1A5C-2D8C-4BC7-98DB-30CCD3A0A957}.Net20|Mixed Platforms.Build.0 = Release|Any CPU
		{45CE1A5C-2D8C-4BC7-98DB-30CCD3A0A957}.Net20|Win32.ActiveCfg = Release|Any CPU
		{45CE1A5C-2D8C-4BC7-98DB-30CCD3A0A957}.Net20|Win32.Build.0 = Release|Any CPU
		{45CE1A5C-2D8C-4BC7-98DB-30CCD3A0A957}.Net20|x64.ActiveCfg = Release|Any CPU
		{45CE1A5C-2D8C-4BC7-98DB-30CCD3A0A957}.Net20|x64.Build.0 = Release|Any CPU
		{45CE1A5C-2D8C-4BC7-98DB-30CCD3A0A957}.Net20|x86.ActiveCfg = Release|Any CPU
		{45CE1A5C-2D8C-4BC7-98DB-30CCD3A0A957}.Net20|x86.Build.0 = Release|Any CPU
		{45CE1A5C-2D8C-4BC7-98DB-30CCD3A0A957}.Net35|Any CPU.ActiveCfg = Release|Any CPU
		{45CE1A5C-2D8C-4BC7-98DB-30CCD3A0A957}.Net35|Any CPU.Build.0 = Release|Any CPU
		{45CE1A5C-2D8C-4BC7-98DB-30CCD3A0A957}.Net35|Mixed Platforms.ActiveCfg = Release|Any CPU
		{45CE1A5C-2D8C-4BC7-98DB-30CCD3A0A957}.Net35|Mixed Platforms.Build.0 = Release|Any CPU
		{45CE1A5C-2D8C-4BC7-98DB-30CCD3A0A957}.Net35|Win32.ActiveCfg = Release|Any CPU
		{45CE1A5C-2D8C-4BC7-98DB-30CCD3A0A957}.Net35|Win32.Build.0 = Release|Any CPU
		{45CE1A5C-2D8C-4BC7-98DB-30CCD3A0A957}.Net35|x64.ActiveCfg = Release|Any CPU
		{45CE1A5C-2D8C-4BC7-98DB-30CCD3A0A957}.Net35|x64.Build.0 = Release|Any CPU
		{45CE1A5C-2D8C-4BC7-98DB-30CCD3A0A957}.Net35|x86.ActiveCfg = Release|Any CPU
		{45CE1A5C-2D8C-4BC7-98DB-30CCD3A0A957}.Net35|x86.Build.0 = Release|Any CPU
		{45CE1A5C-2D8C-4BC7-98DB-30CCD3A0A957}.Release|Any CPU.ActiveCfg = Release|Any CPU
		{45CE1A5C-2D8C-4BC7-98DB-30CCD3A0A957}.Release|Any CPU.Build.0 = Release|Any CPU
		{45CE1A5C-2D8C-4BC7-98DB-30CCD3A0A957}.Release|Mixed Platforms.ActiveCfg = Release|Any CPU
		{45CE1A5C-2D8C-4BC7-98DB-30CCD3A0A957}.Release|Mixed Platforms.Build.0 = Release|Any CPU
		{45CE1A5C-2D8C-4BC7-98DB-30CCD3A0A957}.Release|Win32.ActiveCfg = Release|Any CPU
		{45CE1A5C-2D8C-4BC7-98DB-30CCD3A0A957}.Release|Win32.Build.0 = Release|Any CPU
		{45CE1A5C-2D8C-4BC7-98DB-30CCD3A0A957}.Release|x64.ActiveCfg = Release|Any CPU
		{45CE1A5C-2D8C-4BC7-98DB-30CCD3A0A957}.Release|x64.Build.0 = Release|Any CPU
		{45CE1A5C-2D8C-4BC7-98DB-30CCD3A0A957}.Release|x86.ActiveCfg = Release|Any CPU
		{45CE1A5C-2D8C-4BC7-98DB-30CCD3A0A957}.Release|x86.Build.0 = Release|Any CPU
		{45CE1A5C-2D8C-4BC7-98DB-30CCD3A0A957}.Release-Signed|Any CPU.ActiveCfg = Release|Any CPU
		{45CE1A5C-2D8C-4BC7-98DB-30CCD3A0A957}.Release-Signed|Any CPU.Build.0 = Release|Any CPU
		{45CE1A5C-2D8C-4BC7-98DB-30CCD3A0A957}.Release-Signed|Mixed Platforms.ActiveCfg = Release|Any CPU
		{45CE1A5C-2D8C-4BC7-98DB-30CCD3A0A957}.Release-Signed|Mixed Platforms.Build.0 = Release|Any CPU
		{45CE1A5C-2D8C-4BC7-98DB-30CCD3A0A957}.Release-Signed|Win32.ActiveCfg = Release|Any CPU
		{45CE1A5C-2D8C-4BC7-98DB-30CCD3A0A957}.Release-Signed|Win32.Build.0 = Release|Any CPU
		{45CE1A5C-2D8C-4BC7-98DB-30CCD3A0A957}.Release-Signed|x64.ActiveCfg = Release|Any CPU
		{45CE1A5C-2D8C-4BC7-98DB-30CCD3A0A957}.Release-Signed|x64.Build.0 = Release|Any CPU
		{45CE1A5C-2D8C-4BC7-98DB-30CCD3A0A957}.Release-Signed|x86.ActiveCfg = Release|Any CPU
		{45CE1A5C-2D8C-4BC7-98DB-30CCD3A0A957}.Release-Signed|x86.Build.0 = Release|Any CPU
		{30346355-F436-48EA-8661-409687BE3759}.Debug|Any CPU.ActiveCfg = Debug|Any CPU
		{30346355-F436-48EA-8661-409687BE3759}.Debug|Any CPU.Build.0 = Debug|Any CPU
		{30346355-F436-48EA-8661-409687BE3759}.Debug|Mixed Platforms.ActiveCfg = Debug|Any CPU
		{30346355-F436-48EA-8661-409687BE3759}.Debug|Mixed Platforms.Build.0 = Debug|Any CPU
		{30346355-F436-48EA-8661-409687BE3759}.Debug|Win32.ActiveCfg = Debug|Any CPU
		{30346355-F436-48EA-8661-409687BE3759}.Debug|x64.ActiveCfg = Debug|Any CPU
		{30346355-F436-48EA-8661-409687BE3759}.Debug|x64.Build.0 = Debug|Any CPU
		{30346355-F436-48EA-8661-409687BE3759}.Debug|x86.ActiveCfg = Debug|Any CPU
		{30346355-F436-48EA-8661-409687BE3759}.Debug|x86.Build.0 = Debug|Any CPU
		{30346355-F436-48EA-8661-409687BE3759}.Forced 32-bit|Any CPU.ActiveCfg = Release|Any CPU
		{30346355-F436-48EA-8661-409687BE3759}.Forced 32-bit|Any CPU.Build.0 = Release|Any CPU
		{30346355-F436-48EA-8661-409687BE3759}.Forced 32-bit|Mixed Platforms.ActiveCfg = Release|Any CPU
		{30346355-F436-48EA-8661-409687BE3759}.Forced 32-bit|Mixed Platforms.Build.0 = Release|Any CPU
		{30346355-F436-48EA-8661-409687BE3759}.Forced 32-bit|Win32.ActiveCfg = Release|Any CPU
		{30346355-F436-48EA-8661-409687BE3759}.Forced 32-bit|x64.ActiveCfg = Release|Any CPU
		{30346355-F436-48EA-8661-409687BE3759}.Forced 32-bit|x86.ActiveCfg = Release|Any CPU
		{30346355-F436-48EA-8661-409687BE3759}.Net20|Any CPU.ActiveCfg = Release|Any CPU
		{30346355-F436-48EA-8661-409687BE3759}.Net20|Any CPU.Build.0 = Release|Any CPU
		{30346355-F436-48EA-8661-409687BE3759}.Net20|Mixed Platforms.ActiveCfg = Release|Any CPU
		{30346355-F436-48EA-8661-409687BE3759}.Net20|Mixed Platforms.Build.0 = Release|Any CPU
		{30346355-F436-48EA-8661-409687BE3759}.Net20|Win32.ActiveCfg = Release|Any CPU
		{30346355-F436-48EA-8661-409687BE3759}.Net20|x64.ActiveCfg = Release|Any CPU
		{30346355-F436-48EA-8661-409687BE3759}.Net20|x86.ActiveCfg = Release|Any CPU
		{30346355-F436-48EA-8661-409687BE3759}.Net35|Any CPU.ActiveCfg = Release|Any CPU
		{30346355-F436-48EA-8661-409687BE3759}.Net35|Any CPU.Build.0 = Release|Any CPU
		{30346355-F436-48EA-8661-409687BE3759}.Net35|Mixed Platforms.ActiveCfg = Release|Any CPU
		{30346355-F436-48EA-8661-409687BE3759}.Net35|Mixed Platforms.Build.0 = Release|Any CPU
		{30346355-F436-48EA-8661-409687BE3759}.Net35|Win32.ActiveCfg = Release|Any CPU
		{30346355-F436-48EA-8661-409687BE3759}.Net35|x64.ActiveCfg = Release|Any CPU
		{30346355-F436-48EA-8661-409687BE3759}.Net35|x86.ActiveCfg = Release|Any CPU
		{30346355-F436-48EA-8661-409687BE3759}.Release|Any CPU.ActiveCfg = Release|Any CPU
		{30346355-F436-48EA-8661-409687BE3759}.Release|Any CPU.Build.0 = Release|Any CPU
		{30346355-F436-48EA-8661-409687BE3759}.Release|Mixed Platforms.ActiveCfg = Release|Any CPU
		{30346355-F436-48EA-8661-409687BE3759}.Release|Mixed Platforms.Build.0 = Release|Any CPU
		{30346355-F436-48EA-8661-409687BE3759}.Release|Win32.ActiveCfg = Release|Any CPU
		{30346355-F436-48EA-8661-409687BE3759}.Release|x64.ActiveCfg = Release|Any CPU
		{30346355-F436-48EA-8661-409687BE3759}.Release|x64.Build.0 = Release|Any CPU
		{30346355-F436-48EA-8661-409687BE3759}.Release|x86.ActiveCfg = Release|Any CPU
		{30346355-F436-48EA-8661-409687BE3759}.Release-Signed|Any CPU.ActiveCfg = Release|Any CPU
		{30346355-F436-48EA-8661-409687BE3759}.Release-Signed|Any CPU.Build.0 = Release|Any CPU
		{30346355-F436-48EA-8661-409687BE3759}.Release-Signed|Mixed Platforms.ActiveCfg = Release|Any CPU
		{30346355-F436-48EA-8661-409687BE3759}.Release-Signed|Mixed Platforms.Build.0 = Release|Any CPU
		{30346355-F436-48EA-8661-409687BE3759}.Release-Signed|Win32.ActiveCfg = Release|Any CPU
		{30346355-F436-48EA-8661-409687BE3759}.Release-Signed|x64.ActiveCfg = Release|Any CPU
		{30346355-F436-48EA-8661-409687BE3759}.Release-Signed|x86.ActiveCfg = Release|Any CPU
		{E6C6E2E3-933E-4AEA-AD20-AA7CB3558002}.Debug|Any CPU.ActiveCfg = Debug|Any CPU
		{E6C6E2E3-933E-4AEA-AD20-AA7CB3558002}.Debug|Any CPU.Build.0 = Debug|Any CPU
		{E6C6E2E3-933E-4AEA-AD20-AA7CB3558002}.Debug|Mixed Platforms.ActiveCfg = Debug|Any CPU
		{E6C6E2E3-933E-4AEA-AD20-AA7CB3558002}.Debug|Mixed Platforms.Build.0 = Debug|Any CPU
		{E6C6E2E3-933E-4AEA-AD20-AA7CB3558002}.Debug|Win32.ActiveCfg = Debug|Any CPU
		{E6C6E2E3-933E-4AEA-AD20-AA7CB3558002}.Debug|Win32.Build.0 = Debug|Any CPU
		{E6C6E2E3-933E-4AEA-AD20-AA7CB3558002}.Debug|x64.ActiveCfg = Debug|Any CPU
		{E6C6E2E3-933E-4AEA-AD20-AA7CB3558002}.Debug|x64.Build.0 = Debug|Any CPU
		{E6C6E2E3-933E-4AEA-AD20-AA7CB3558002}.Debug|x86.ActiveCfg = Debug|Any CPU
		{E6C6E2E3-933E-4AEA-AD20-AA7CB3558002}.Debug|x86.Build.0 = Debug|Any CPU
		{E6C6E2E3-933E-4AEA-AD20-AA7CB3558002}.Forced 32-bit|Any CPU.ActiveCfg = Release|Any CPU
		{E6C6E2E3-933E-4AEA-AD20-AA7CB3558002}.Forced 32-bit|Any CPU.Build.0 = Release|Any CPU
		{E6C6E2E3-933E-4AEA-AD20-AA7CB3558002}.Forced 32-bit|Mixed Platforms.ActiveCfg = Release|Any CPU
		{E6C6E2E3-933E-4AEA-AD20-AA7CB3558002}.Forced 32-bit|Mixed Platforms.Build.0 = Release|Any CPU
		{E6C6E2E3-933E-4AEA-AD20-AA7CB3558002}.Forced 32-bit|Win32.ActiveCfg = Release|Any CPU
		{E6C6E2E3-933E-4AEA-AD20-AA7CB3558002}.Forced 32-bit|Win32.Build.0 = Release|Any CPU
		{E6C6E2E3-933E-4AEA-AD20-AA7CB3558002}.Forced 32-bit|x64.ActiveCfg = Release|Any CPU
		{E6C6E2E3-933E-4AEA-AD20-AA7CB3558002}.Forced 32-bit|x64.Build.0 = Release|Any CPU
		{E6C6E2E3-933E-4AEA-AD20-AA7CB3558002}.Forced 32-bit|x86.ActiveCfg = Release|Any CPU
		{E6C6E2E3-933E-4AEA-AD20-AA7CB3558002}.Forced 32-bit|x86.Build.0 = Release|Any CPU
		{E6C6E2E3-933E-4AEA-AD20-AA7CB3558002}.Net20|Any CPU.ActiveCfg = Release|Any CPU
		{E6C6E2E3-933E-4AEA-AD20-AA7CB3558002}.Net20|Any CPU.Build.0 = Release|Any CPU
		{E6C6E2E3-933E-4AEA-AD20-AA7CB3558002}.Net20|Mixed Platforms.ActiveCfg = Release|Any CPU
		{E6C6E2E3-933E-4AEA-AD20-AA7CB3558002}.Net20|Mixed Platforms.Build.0 = Release|Any CPU
		{E6C6E2E3-933E-4AEA-AD20-AA7CB3558002}.Net20|Win32.ActiveCfg = Release|Any CPU
		{E6C6E2E3-933E-4AEA-AD20-AA7CB3558002}.Net20|Win32.Build.0 = Release|Any CPU
		{E6C6E2E3-933E-4AEA-AD20-AA7CB3558002}.Net20|x64.ActiveCfg = Release|Any CPU
		{E6C6E2E3-933E-4AEA-AD20-AA7CB3558002}.Net20|x64.Build.0 = Release|Any CPU
		{E6C6E2E3-933E-4AEA-AD20-AA7CB3558002}.Net20|x86.ActiveCfg = Release|Any CPU
		{E6C6E2E3-933E-4AEA-AD20-AA7CB3558002}.Net20|x86.Build.0 = Release|Any CPU
		{E6C6E2E3-933E-4AEA-AD20-AA7CB3558002}.Net35|Any CPU.ActiveCfg = Release|Any CPU
		{E6C6E2E3-933E-4AEA-AD20-AA7CB3558002}.Net35|Any CPU.Build.0 = Release|Any CPU
		{E6C6E2E3-933E-4AEA-AD20-AA7CB3558002}.Net35|Mixed Platforms.ActiveCfg = Release|Any CPU
		{E6C6E2E3-933E-4AEA-AD20-AA7CB3558002}.Net35|Mixed Platforms.Build.0 = Release|Any CPU
		{E6C6E2E3-933E-4AEA-AD20-AA7CB3558002}.Net35|Win32.ActiveCfg = Release|Any CPU
		{E6C6E2E3-933E-4AEA-AD20-AA7CB3558002}.Net35|Win32.Build.0 = Release|Any CPU
		{E6C6E2E3-933E-4AEA-AD20-AA7CB3558002}.Net35|x64.ActiveCfg = Release|Any CPU
		{E6C6E2E3-933E-4AEA-AD20-AA7CB3558002}.Net35|x64.Build.0 = Release|Any CPU
		{E6C6E2E3-933E-4AEA-AD20-AA7CB3558002}.Net35|x86.ActiveCfg = Release|Any CPU
		{E6C6E2E3-933E-4AEA-AD20-AA7CB3558002}.Net35|x86.Build.0 = Release|Any CPU
		{E6C6E2E3-933E-4AEA-AD20-AA7CB3558002}.Release|Any CPU.ActiveCfg = Release|Any CPU
		{E6C6E2E3-933E-4AEA-AD20-AA7CB3558002}.Release|Any CPU.Build.0 = Release|Any CPU
		{E6C6E2E3-933E-4AEA-AD20-AA7CB3558002}.Release|Mixed Platforms.ActiveCfg = Release|Any CPU
		{E6C6E2E3-933E-4AEA-AD20-AA7CB3558002}.Release|Mixed Platforms.Build.0 = Release|Any CPU
		{E6C6E2E3-933E-4AEA-AD20-AA7CB3558002}.Release|Win32.ActiveCfg = Release|Any CPU
		{E6C6E2E3-933E-4AEA-AD20-AA7CB3558002}.Release|Win32.Build.0 = Release|Any CPU
		{E6C6E2E3-933E-4AEA-AD20-AA7CB3558002}.Release|x64.ActiveCfg = Release|Any CPU
		{E6C6E2E3-933E-4AEA-AD20-AA7CB3558002}.Release|x64.Build.0 = Release|Any CPU
		{E6C6E2E3-933E-4AEA-AD20-AA7CB3558002}.Release|x86.ActiveCfg = Release|Any CPU
		{E6C6E2E3-933E-4AEA-AD20-AA7CB3558002}.Release|x86.Build.0 = Release|Any CPU
		{E6C6E2E3-933E-4AEA-AD20-AA7CB3558002}.Release-Signed|Any CPU.ActiveCfg = Release|Any CPU
		{E6C6E2E3-933E-4AEA-AD20-AA7CB3558002}.Release-Signed|Any CPU.Build.0 = Release|Any CPU
		{E6C6E2E3-933E-4AEA-AD20-AA7CB3558002}.Release-Signed|Mixed Platforms.ActiveCfg = Release|Any CPU
		{E6C6E2E3-933E-4AEA-AD20-AA7CB3558002}.Release-Signed|Mixed Platforms.Build.0 = Release|Any CPU
		{E6C6E2E3-933E-4AEA-AD20-AA7CB3558002}.Release-Signed|Win32.ActiveCfg = Release|Any CPU
		{E6C6E2E3-933E-4AEA-AD20-AA7CB3558002}.Release-Signed|Win32.Build.0 = Release|Any CPU
		{E6C6E2E3-933E-4AEA-AD20-AA7CB3558002}.Release-Signed|x64.ActiveCfg = Release|Any CPU
		{E6C6E2E3-933E-4AEA-AD20-AA7CB3558002}.Release-Signed|x64.Build.0 = Release|Any CPU
		{E6C6E2E3-933E-4AEA-AD20-AA7CB3558002}.Release-Signed|x86.ActiveCfg = Release|Any CPU
		{E6C6E2E3-933E-4AEA-AD20-AA7CB3558002}.Release-Signed|x86.Build.0 = Release|Any CPU
		{633DD4FE-52C9-4646-8DE8-A5C1EF28C141}.Debug|Any CPU.ActiveCfg = Debug|Any CPU
		{633DD4FE-52C9-4646-8DE8-A5C1EF28C141}.Debug|Any CPU.Build.0 = Debug|Any CPU
		{633DD4FE-52C9-4646-8DE8-A5C1EF28C141}.Debug|Mixed Platforms.ActiveCfg = Debug|Any CPU
		{633DD4FE-52C9-4646-8DE8-A5C1EF28C141}.Debug|Mixed Platforms.Build.0 = Debug|Any CPU
		{633DD4FE-52C9-4646-8DE8-A5C1EF28C141}.Debug|Win32.ActiveCfg = Debug|Any CPU
		{633DD4FE-52C9-4646-8DE8-A5C1EF28C141}.Debug|Win32.Build.0 = Debug|Any CPU
		{633DD4FE-52C9-4646-8DE8-A5C1EF28C141}.Debug|x64.ActiveCfg = Debug|Any CPU
		{633DD4FE-52C9-4646-8DE8-A5C1EF28C141}.Debug|x64.Build.0 = Debug|Any CPU
		{633DD4FE-52C9-4646-8DE8-A5C1EF28C141}.Debug|x86.ActiveCfg = Debug|Any CPU
		{633DD4FE-52C9-4646-8DE8-A5C1EF28C141}.Debug|x86.Build.0 = Debug|Any CPU
		{633DD4FE-52C9-4646-8DE8-A5C1EF28C141}.Forced 32-bit|Any CPU.ActiveCfg = Release|Any CPU
		{633DD4FE-52C9-4646-8DE8-A5C1EF28C141}.Forced 32-bit|Any CPU.Build.0 = Release|Any CPU
		{633DD4FE-52C9-4646-8DE8-A5C1EF28C141}.Forced 32-bit|Mixed Platforms.ActiveCfg = Release|Any CPU
		{633DD4FE-52C9-4646-8DE8-A5C1EF28C141}.Forced 32-bit|Mixed Platforms.Build.0 = Release|Any CPU
		{633DD4FE-52C9-4646-8DE8-A5C1EF28C141}.Forced 32-bit|Win32.ActiveCfg = Release|Any CPU
		{633DD4FE-52C9-4646-8DE8-A5C1EF28C141}.Forced 32-bit|Win32.Build.0 = Release|Any CPU
		{633DD4FE-52C9-4646-8DE8-A5C1EF28C141}.Forced 32-bit|x64.ActiveCfg = Release|Any CPU
		{633DD4FE-52C9-4646-8DE8-A5C1EF28C141}.Forced 32-bit|x64.Build.0 = Release|Any CPU
		{633DD4FE-52C9-4646-8DE8-A5C1EF28C141}.Forced 32-bit|x86.ActiveCfg = Release|Any CPU
		{633DD4FE-52C9-4646-8DE8-A5C1EF28C141}.Forced 32-bit|x86.Build.0 = Release|Any CPU
		{633DD4FE-52C9-4646-8DE8-A5C1EF28C141}.Net20|Any CPU.ActiveCfg = Release|Any CPU
		{633DD4FE-52C9-4646-8DE8-A5C1EF28C141}.Net20|Any CPU.Build.0 = Release|Any CPU
		{633DD4FE-52C9-4646-8DE8-A5C1EF28C141}.Net20|Mixed Platforms.ActiveCfg = Release|Any CPU
		{633DD4FE-52C9-4646-8DE8-A5C1EF28C141}.Net20|Mixed Platforms.Build.0 = Release|Any CPU
		{633DD4FE-52C9-4646-8DE8-A5C1EF28C141}.Net20|Win32.ActiveCfg = Release|Any CPU
		{633DD4FE-52C9-4646-8DE8-A5C1EF28C141}.Net20|Win32.Build.0 = Release|Any CPU
		{633DD4FE-52C9-4646-8DE8-A5C1EF28C141}.Net20|x64.ActiveCfg = Release|Any CPU
		{633DD4FE-52C9-4646-8DE8-A5C1EF28C141}.Net20|x64.Build.0 = Release|Any CPU
		{633DD4FE-52C9-4646-8DE8-A5C1EF28C141}.Net20|x86.ActiveCfg = Release|Any CPU
		{633DD4FE-52C9-4646-8DE8-A5C1EF28C141}.Net20|x86.Build.0 = Release|Any CPU
		{633DD4FE-52C9-4646-8DE8-A5C1EF28C141}.Net35|Any CPU.ActiveCfg = Release|Any CPU
		{633DD4FE-52C9-4646-8DE8-A5C1EF28C141}.Net35|Any CPU.Build.0 = Release|Any CPU
		{633DD4FE-52C9-4646-8DE8-A5C1EF28C141}.Net35|Mixed Platforms.ActiveCfg = Release|Any CPU
		{633DD4FE-52C9-4646-8DE8-A5C1EF28C141}.Net35|Mixed Platforms.Build.0 = Release|Any CPU
		{633DD4FE-52C9-4646-8DE8-A5C1EF28C141}.Net35|Win32.ActiveCfg = Release|Any CPU
		{633DD4FE-52C9-4646-8DE8-A5C1EF28C141}.Net35|Win32.Build.0 = Release|Any CPU
		{633DD4FE-52C9-4646-8DE8-A5C1EF28C141}.Net35|x64.ActiveCfg = Release|Any CPU
		{633DD4FE-52C9-4646-8DE8-A5C1EF28C141}.Net35|x64.Build.0 = Release|Any CPU
		{633DD4FE-52C9-4646-8DE8-A5C1EF28C141}.Net35|x86.ActiveCfg = Release|Any CPU
		{633DD4FE-52C9-4646-8DE8-A5C1EF28C141}.Net35|x86.Build.0 = Release|Any CPU
		{633DD4FE-52C9-4646-8DE8-A5C1EF28C141}.Release|Any CPU.ActiveCfg = Release|Any CPU
		{633DD4FE-52C9-4646-8DE8-A5C1EF28C141}.Release|Any CPU.Build.0 = Release|Any CPU
		{633DD4FE-52C9-4646-8DE8-A5C1EF28C141}.Release|Mixed Platforms.ActiveCfg = Release|Any CPU
		{633DD4FE-52C9-4646-8DE8-A5C1EF28C141}.Release|Mixed Platforms.Build.0 = Release|Any CPU
		{633DD4FE-52C9-4646-8DE8-A5C1EF28C141}.Release|Win32.ActiveCfg = Release|Any CPU
		{633DD4FE-52C9-4646-8DE8-A5C1EF28C141}.Release|Win32.Build.0 = Release|Any CPU
		{633DD4FE-52C9-4646-8DE8-A5C1EF28C141}.Release|x64.ActiveCfg = Release|Any CPU
		{633DD4FE-52C9-4646-8DE8-A5C1EF28C141}.Release|x64.Build.0 = Release|Any CPU
		{633DD4FE-52C9-4646-8DE8-A5C1EF28C141}.Release|x86.ActiveCfg = Release|Any CPU
		{633DD4FE-52C9-4646-8DE8-A5C1EF28C141}.Release|x86.Build.0 = Release|Any CPU
		{633DD4FE-52C9-4646-8DE8-A5C1EF28C141}.Release-Signed|Any CPU.ActiveCfg = Release|Any CPU
		{633DD4FE-52C9-4646-8DE8-A5C1EF28C141}.Release-Signed|Any CPU.Build.0 = Release|Any CPU
		{633DD4FE-52C9-4646-8DE8-A5C1EF28C141}.Release-Signed|Mixed Platforms.ActiveCfg = Release|Any CPU
		{633DD4FE-52C9-4646-8DE8-A5C1EF28C141}.Release-Signed|Mixed Platforms.Build.0 = Release|Any CPU
		{633DD4FE-52C9-4646-8DE8-A5C1EF28C141}.Release-Signed|Win32.ActiveCfg = Release|Any CPU
		{633DD4FE-52C9-4646-8DE8-A5C1EF28C141}.Release-Signed|Win32.Build.0 = Release|Any CPU
		{633DD4FE-52C9-4646-8DE8-A5C1EF28C141}.Release-Signed|x64.ActiveCfg = Release|Any CPU
		{633DD4FE-52C9-4646-8DE8-A5C1EF28C141}.Release-Signed|x64.Build.0 = Release|Any CPU
		{633DD4FE-52C9-4646-8DE8-A5C1EF28C141}.Release-Signed|x86.ActiveCfg = Release|Any CPU
		{633DD4FE-52C9-4646-8DE8-A5C1EF28C141}.Release-Signed|x86.Build.0 = Release|Any CPU
		{0191021E-FD95-4F17-9342-EAE0947B9BF0}.Debug|Any CPU.ActiveCfg = Debug
		{0191021E-FD95-4F17-9342-EAE0947B9BF0}.Debug|Mixed Platforms.ActiveCfg = Debug
		{0191021E-FD95-4F17-9342-EAE0947B9BF0}.Debug|Win32.ActiveCfg = Debug
		{0191021E-FD95-4F17-9342-EAE0947B9BF0}.Debug|x64.ActiveCfg = Debug
		{0191021E-FD95-4F17-9342-EAE0947B9BF0}.Debug|x86.ActiveCfg = Debug
		{0191021E-FD95-4F17-9342-EAE0947B9BF0}.Forced 32-bit|Any CPU.ActiveCfg = Release
		{0191021E-FD95-4F17-9342-EAE0947B9BF0}.Forced 32-bit|Mixed Platforms.ActiveCfg = Release
		{0191021E-FD95-4F17-9342-EAE0947B9BF0}.Forced 32-bit|Win32.ActiveCfg = Release
		{0191021E-FD95-4F17-9342-EAE0947B9BF0}.Forced 32-bit|x64.ActiveCfg = Release
		{0191021E-FD95-4F17-9342-EAE0947B9BF0}.Forced 32-bit|x86.ActiveCfg = Release
		{0191021E-FD95-4F17-9342-EAE0947B9BF0}.Net20|Any CPU.ActiveCfg = Release
		{0191021E-FD95-4F17-9342-EAE0947B9BF0}.Net20|Mixed Platforms.ActiveCfg = Release
		{0191021E-FD95-4F17-9342-EAE0947B9BF0}.Net20|Win32.ActiveCfg = Release
		{0191021E-FD95-4F17-9342-EAE0947B9BF0}.Net20|x64.ActiveCfg = Release
		{0191021E-FD95-4F17-9342-EAE0947B9BF0}.Net20|x86.ActiveCfg = Release
		{0191021E-FD95-4F17-9342-EAE0947B9BF0}.Net35|Any CPU.ActiveCfg = Release
		{0191021E-FD95-4F17-9342-EAE0947B9BF0}.Net35|Mixed Platforms.ActiveCfg = Release
		{0191021E-FD95-4F17-9342-EAE0947B9BF0}.Net35|Win32.ActiveCfg = Release
		{0191021E-FD95-4F17-9342-EAE0947B9BF0}.Net35|x64.ActiveCfg = Release
		{0191021E-FD95-4F17-9342-EAE0947B9BF0}.Net35|x86.ActiveCfg = Release
		{0191021E-FD95-4F17-9342-EAE0947B9BF0}.Release|Any CPU.ActiveCfg = Release
		{0191021E-FD95-4F17-9342-EAE0947B9BF0}.Release|Mixed Platforms.ActiveCfg = Release
		{0191021E-FD95-4F17-9342-EAE0947B9BF0}.Release|Win32.ActiveCfg = Release
		{0191021E-FD95-4F17-9342-EAE0947B9BF0}.Release|x64.ActiveCfg = Release
		{0191021E-FD95-4F17-9342-EAE0947B9BF0}.Release|x86.ActiveCfg = Release
		{0191021E-FD95-4F17-9342-EAE0947B9BF0}.Release-Signed|Any CPU.ActiveCfg = Release
		{0191021E-FD95-4F17-9342-EAE0947B9BF0}.Release-Signed|Mixed Platforms.ActiveCfg = Release
		{0191021E-FD95-4F17-9342-EAE0947B9BF0}.Release-Signed|Win32.ActiveCfg = Release
		{0191021E-FD95-4F17-9342-EAE0947B9BF0}.Release-Signed|x64.ActiveCfg = Release
		{0191021E-FD95-4F17-9342-EAE0947B9BF0}.Release-Signed|x86.ActiveCfg = Release
	EndGlobalSection
	GlobalSection(SolutionProperties) = preSolution
		HideSolutionNode = FALSE
	EndGlobalSection
	GlobalSection(ExtensibilityGlobals) = postSolution
		SolutionGuid = {4A78F7A4-A16D-49F7-A399-E5E84F87AE94}
	EndGlobalSection
	GlobalSection(Performance) = preSolution
		HasPerformanceSessions = true
	EndGlobalSection
	GlobalSection(Performance) = preSolution
		HasPerformanceSessions = true
	EndGlobalSection
EndGlobal
