
Microsoft Visual Studio Solution File, Format Version 12.00
# Visual Studio 2012
Project("{FAE04EC0-301F-11D3-BF4B-00C04F79EFBC}") = "JrCollections", "JrCollections.csproj", "{CBCF9E4A-D94E-49AB-A6D4-8AF37FF63DAE}"
EndProject
Project("{FAE04EC0-301F-11D3-BF4B-00C04F79EFBC}") = "EssStringLib", "..\JrString\EssStringLib.csproj", "{09230B90-AEEB-4ABA-8368-81FAE8BEF845}"
EndProject
Project("{FAE04EC0-301F-11D3-BF4B-00C04F79EFBC}") = "JrTemp", "..\JrTemp\JrTemp.csproj", "{3766A206-9423-43EB-A573-6DC37865CFB9}"
EndProject
Project("{FAE04EC0-301F-11D3-BF4B-00C04F79EFBC}") = "SkeeterFast", "..\SkeeterFast\SkeeterFast.csproj", "{E71AD6EE-CCCE-4A61-9EA4-46EDFD689281}"
EndProject
Global
	GlobalSection(SolutionConfigurationPlatforms) = preSolution
		Debug|Any CPU = Debug|Any CPU
		Debug|x64 = Debug|x64
		Debug|x86 = Debug|x86
		Forced 32-bit|Any CPU = Forced 32-bit|Any CPU
		Forced 32-bit|x64 = Forced 32-bit|x64
		Forced 32-bit|x86 = Forced 32-bit|x86
		Net20|Any CPU = Net20|Any CPU
		Net20|x64 = Net20|x64
		Net20|x86 = Net20|x86
		Net35|Any CPU = Net35|Any CPU
		Net35|x64 = Net35|x64
		Net35|x86 = Net35|x86
		Release|Any CPU = Release|Any CPU
		Release|x64 = Release|x64
		Release|x86 = Release|x86
	EndGlobalSection
	GlobalSection(ProjectConfigurationPlatforms) = postSolution
		{CBCF9E4A-D94E-49AB-A6D4-8AF37FF63DAE}.Debug|Any CPU.ActiveCfg = Debug|x64
		{CBCF9E4A-D94E-49AB-A6D4-8AF37FF63DAE}.Debug|Any CPU.Build.0 = Debug|x64
		{CBCF9E4A-D94E-49AB-A6D4-8AF37FF63DAE}.Debug|x64.ActiveCfg = Debug|x64
		{CBCF9E4A-D94E-49AB-A6D4-8AF37FF63DAE}.Debug|x64.Build.0 = Debug|x64
		{CBCF9E4A-D94E-49AB-A6D4-8AF37FF63DAE}.Debug|x86.ActiveCfg = Debug|x86
		{CBCF9E4A-D94E-49AB-A6D4-8AF37FF63DAE}.Debug|x86.Build.0 = Debug|x86
		{CBCF9E4A-D94E-49AB-A6D4-8AF37FF63DAE}.Forced 32-bit|Any CPU.ActiveCfg = Forced 32-bit|Any CPU
		{CBCF9E4A-D94E-49AB-A6D4-8AF37FF63DAE}.Forced 32-bit|Any CPU.Build.0 = Forced 32-bit|Any CPU
		{CBCF9E4A-D94E-49AB-A6D4-8AF37FF63DAE}.Forced 32-bit|x64.ActiveCfg = Forced 32-bit|x64
		{CBCF9E4A-D94E-49AB-A6D4-8AF37FF63DAE}.Forced 32-bit|x64.Build.0 = Forced 32-bit|x64
		{CBCF9E4A-D94E-49AB-A6D4-8AF37FF63DAE}.Forced 32-bit|x86.ActiveCfg = Forced 32-bit|x86
		{CBCF9E4A-D94E-49AB-A6D4-8AF37FF63DAE}.Forced 32-bit|x86.Build.0 = Forced 32-bit|x86
		{CBCF9E4A-D94E-49AB-A6D4-8AF37FF63DAE}.Net20|Any CPU.ActiveCfg = Net20|Any CPU
		{CBCF9E4A-D94E-49AB-A6D4-8AF37FF63DAE}.Net20|Any CPU.Build.0 = Net20|Any CPU
		{CBCF9E4A-D94E-49AB-A6D4-8AF37FF63DAE}.Net20|x64.ActiveCfg = Net20|x64
		{CBCF9E4A-D94E-49AB-A6D4-8AF37FF63DAE}.Net20|x64.Build.0 = Net20|x64
		{CBCF9E4A-D94E-49AB-A6D4-8AF37FF63DAE}.Net20|x86.ActiveCfg = Net20|x86
		{CBCF9E4A-D94E-49AB-A6D4-8AF37FF63DAE}.Net20|x86.Build.0 = Net20|x86
		{CBCF9E4A-D94E-49AB-A6D4-8AF37FF63DAE}.Net35|Any CPU.ActiveCfg = Net35|Any CPU
		{CBCF9E4A-D94E-49AB-A6D4-8AF37FF63DAE}.Net35|Any CPU.Build.0 = Net35|Any CPU
		{CBCF9E4A-D94E-49AB-A6D4-8AF37FF63DAE}.Net35|x64.ActiveCfg = Net35|x64
		{CBCF9E4A-D94E-49AB-A6D4-8AF37FF63DAE}.Net35|x64.Build.0 = Net35|x64
		{CBCF9E4A-D94E-49AB-A6D4-8AF37FF63DAE}.Net35|x86.ActiveCfg = Net35|x86
		{CBCF9E4A-D94E-49AB-A6D4-8AF37FF63DAE}.Net35|x86.Build.0 = Net35|x86
		{CBCF9E4A-D94E-49AB-A6D4-8AF37FF63DAE}.Release|Any CPU.ActiveCfg = Release|Any CPU
		{CBCF9E4A-D94E-49AB-A6D4-8AF37FF63DAE}.Release|Any CPU.Build.0 = Release|Any CPU
		{CBCF9E4A-D94E-49AB-A6D4-8AF37FF63DAE}.Release|x64.ActiveCfg = Release|x64
		{CBCF9E4A-D94E-49AB-A6D4-8AF37FF63DAE}.Release|x64.Build.0 = Release|x64
		{CBCF9E4A-D94E-49AB-A6D4-8AF37FF63DAE}.Release|x86.ActiveCfg = Release|x86
		{CBCF9E4A-D94E-49AB-A6D4-8AF37FF63DAE}.Release|x86.Build.0 = Release|x86
		{09230B90-AEEB-4ABA-8368-81FAE8BEF845}.Debug|Any CPU.ActiveCfg = Debug|x64
		{09230B90-AEEB-4ABA-8368-81FAE8BEF845}.Debug|Any CPU.Build.0 = Debug|x64
		{09230B90-AEEB-4ABA-8368-81FAE8BEF845}.Debug|x64.ActiveCfg = Debug|x64
		{09230B90-AEEB-4ABA-8368-81FAE8BEF845}.Debug|x64.Build.0 = Debug|x64
		{09230B90-AEEB-4ABA-8368-81FAE8BEF845}.Debug|x86.ActiveCfg = Debug|x86
		{09230B90-AEEB-4ABA-8368-81FAE8BEF845}.Debug|x86.Build.0 = Debug|x86
		{09230B90-AEEB-4ABA-8368-81FAE8BEF845}.Forced 32-bit|Any CPU.ActiveCfg = Forced 32-bit|Any CPU
		{09230B90-AEEB-4ABA-8368-81FAE8BEF845}.Forced 32-bit|Any CPU.Build.0 = Forced 32-bit|Any CPU
		{09230B90-AEEB-4ABA-8368-81FAE8BEF845}.Forced 32-bit|x64.ActiveCfg = Forced 32-bit|x64
		{09230B90-AEEB-4ABA-8368-81FAE8BEF845}.Forced 32-bit|x64.Build.0 = Forced 32-bit|x64
		{09230B90-AEEB-4ABA-8368-81FAE8BEF845}.Forced 32-bit|x86.ActiveCfg = Forced 32-bit|x86
		{09230B90-AEEB-4ABA-8368-81FAE8BEF845}.Forced 32-bit|x86.Build.0 = Forced 32-bit|x86
		{09230B90-AEEB-4ABA-8368-81FAE8BEF845}.Net20|Any CPU.ActiveCfg = Net20|Any CPU
		{09230B90-AEEB-4ABA-8368-81FAE8BEF845}.Net20|Any CPU.Build.0 = Net20|Any CPU
		{09230B90-AEEB-4ABA-8368-81FAE8BEF845}.Net20|x64.ActiveCfg = Net20|x64
		{09230B90-AEEB-4ABA-8368-81FAE8BEF845}.Net20|x64.Build.0 = Net20|x64
		{09230B90-AEEB-4ABA-8368-81FAE8BEF845}.Net20|x86.ActiveCfg = Net20|x86
		{09230B90-AEEB-4ABA-8368-81FAE8BEF845}.Net20|x86.Build.0 = Net20|x86
		{09230B90-AEEB-4ABA-8368-81FAE8BEF845}.Net35|Any CPU.ActiveCfg = Net35|Any CPU
		{09230B90-AEEB-4ABA-8368-81FAE8BEF845}.Net35|Any CPU.Build.0 = Net35|Any CPU
		{09230B90-AEEB-4ABA-8368-81FAE8BEF845}.Net35|x64.ActiveCfg = Net35|x64
		{09230B90-AEEB-4ABA-8368-81FAE8BEF845}.Net35|x64.Build.0 = Net35|x64
		{09230B90-AEEB-4ABA-8368-81FAE8BEF845}.Net35|x86.ActiveCfg = Net35|x86
		{09230B90-AEEB-4ABA-8368-81FAE8BEF845}.Net35|x86.Build.0 = Net35|x86
		{09230B90-AEEB-4ABA-8368-81FAE8BEF845}.Release|Any CPU.ActiveCfg = Release|Any CPU
		{09230B90-AEEB-4ABA-8368-81FAE8BEF845}.Release|Any CPU.Build.0 = Release|Any CPU
		{09230B90-AEEB-4ABA-8368-81FAE8BEF845}.Release|x64.ActiveCfg = Release|x64
		{09230B90-AEEB-4ABA-8368-81FAE8BEF845}.Release|x64.Build.0 = Release|x64
		{09230B90-AEEB-4ABA-8368-81FAE8BEF845}.Release|x86.ActiveCfg = Release|x86
		{09230B90-AEEB-4ABA-8368-81FAE8BEF845}.Release|x86.Build.0 = Release|x86
		{3766A206-9423-43EB-A573-6DC37865CFB9}.Debug|Any CPU.ActiveCfg = Debug|x64
		{3766A206-9423-43EB-A573-6DC37865CFB9}.Debug|Any CPU.Build.0 = Debug|x64
		{3766A206-9423-43EB-A573-6DC37865CFB9}.Debug|x64.ActiveCfg = Debug|x64
		{3766A206-9423-43EB-A573-6DC37865CFB9}.Debug|x64.Build.0 = Debug|x64
		{3766A206-9423-43EB-A573-6DC37865CFB9}.Debug|x86.ActiveCfg = Debug|x86
		{3766A206-9423-43EB-A573-6DC37865CFB9}.Debug|x86.Build.0 = Debug|x86
		{3766A206-9423-43EB-A573-6DC37865CFB9}.Forced 32-bit|Any CPU.ActiveCfg = Net20|Any CPU
		{3766A206-9423-43EB-A573-6DC37865CFB9}.Forced 32-bit|Any CPU.Build.0 = Net20|Any CPU
		{3766A206-9423-43EB-A573-6DC37865CFB9}.Forced 32-bit|x64.ActiveCfg = Net20|x64
		{3766A206-9423-43EB-A573-6DC37865CFB9}.Forced 32-bit|x64.Build.0 = Net20|x64
		{3766A206-9423-43EB-A573-6DC37865CFB9}.Forced 32-bit|x86.ActiveCfg = Net20|x86
		{3766A206-9423-43EB-A573-6DC37865CFB9}.Forced 32-bit|x86.Build.0 = Net20|x86
		{3766A206-9423-43EB-A573-6DC37865CFB9}.Net20|Any CPU.ActiveCfg = Net20|Any CPU
		{3766A206-9423-43EB-A573-6DC37865CFB9}.Net20|Any CPU.Build.0 = Net20|Any CPU
		{3766A206-9423-43EB-A573-6DC37865CFB9}.Net20|x64.ActiveCfg = Net20|x64
		{3766A206-9423-43EB-A573-6DC37865CFB9}.Net20|x64.Build.0 = Net20|x64
		{3766A206-9423-43EB-A573-6DC37865CFB9}.Net20|x86.ActiveCfg = Net20|x86
		{3766A206-9423-43EB-A573-6DC37865CFB9}.Net20|x86.Build.0 = Net20|x86
		{3766A206-9423-43EB-A573-6DC37865CFB9}.Net35|Any CPU.ActiveCfg = Net35|Any CPU
		{3766A206-9423-43EB-A573-6DC37865CFB9}.Net35|Any CPU.Build.0 = Net35|Any CPU
		{3766A206-9423-43EB-A573-6DC37865CFB9}.Net35|x64.ActiveCfg = Net35|x64
		{3766A206-9423-43EB-A573-6DC37865CFB9}.Net35|x64.Build.0 = Net35|x64
		{3766A206-9423-43EB-A573-6DC37865CFB9}.Net35|x86.ActiveCfg = Net35|x86
		{3766A206-9423-43EB-A573-6DC37865CFB9}.Net35|x86.Build.0 = Net35|x86
		{3766A206-9423-43EB-A573-6DC37865CFB9}.Release|Any CPU.ActiveCfg = Release|Any CPU
		{3766A206-9423-43EB-A573-6DC37865CFB9}.Release|Any CPU.Build.0 = Release|Any CPU
		{3766A206-9423-43EB-A573-6DC37865CFB9}.Release|x64.ActiveCfg = Release|x64
		{3766A206-9423-43EB-A573-6DC37865CFB9}.Release|x64.Build.0 = Release|x64
		{3766A206-9423-43EB-A573-6DC37865CFB9}.Release|x86.ActiveCfg = Release|x86
		{3766A206-9423-43EB-A573-6DC37865CFB9}.Release|x86.Build.0 = Release|x86
		{E71AD6EE-CCCE-4A61-9EA4-46EDFD689281}.Debug|Any CPU.ActiveCfg = Debug|x64
		{E71AD6EE-CCCE-4A61-9EA4-46EDFD689281}.Debug|Any CPU.Build.0 = Debug|x64
		{E71AD6EE-CCCE-4A61-9EA4-46EDFD689281}.Debug|x64.ActiveCfg = Debug|x64
		{E71AD6EE-CCCE-4A61-9EA4-46EDFD689281}.Debug|x64.Build.0 = Debug|x64
		{E71AD6EE-CCCE-4A61-9EA4-46EDFD689281}.Debug|x86.ActiveCfg = Debug|x86
		{E71AD6EE-CCCE-4A61-9EA4-46EDFD689281}.Debug|x86.Build.0 = Debug|x86
		{E71AD6EE-CCCE-4A61-9EA4-46EDFD689281}.Forced 32-bit|Any CPU.ActiveCfg = Forced 32-bit|Any CPU
		{E71AD6EE-CCCE-4A61-9EA4-46EDFD689281}.Forced 32-bit|Any CPU.Build.0 = Forced 32-bit|Any CPU
		{E71AD6EE-CCCE-4A61-9EA4-46EDFD689281}.Forced 32-bit|x64.ActiveCfg = Forced 32-bit|x64
		{E71AD6EE-CCCE-4A61-9EA4-46EDFD689281}.Forced 32-bit|x64.Build.0 = Forced 32-bit|x64
		{E71AD6EE-CCCE-4A61-9EA4-46EDFD689281}.Forced 32-bit|x86.ActiveCfg = Forced 32-bit|x86
		{E71AD6EE-CCCE-4A61-9EA4-46EDFD689281}.Forced 32-bit|x86.Build.0 = Forced 32-bit|x86
		{E71AD6EE-CCCE-4A61-9EA4-46EDFD689281}.Net20|Any CPU.ActiveCfg = Net20|Any CPU
		{E71AD6EE-CCCE-4A61-9EA4-46EDFD689281}.Net20|Any CPU.Build.0 = Net20|Any CPU
		{E71AD6EE-CCCE-4A61-9EA4-46EDFD689281}.Net20|x64.ActiveCfg = Net20|x64
		{E71AD6EE-CCCE-4A61-9EA4-46EDFD689281}.Net20|x64.Build.0 = Net20|x64
		{E71AD6EE-CCCE-4A61-9EA4-46EDFD689281}.Net20|x86.ActiveCfg = Net20|x86
		{E71AD6EE-CCCE-4A61-9EA4-46EDFD689281}.Net20|x86.Build.0 = Net20|x86
		{E71AD6EE-CCCE-4A61-9EA4-46EDFD689281}.Net35|Any CPU.ActiveCfg = Net35|Any CPU
		{E71AD6EE-CCCE-4A61-9EA4-46EDFD689281}.Net35|Any CPU.Build.0 = Net35|Any CPU
		{E71AD6EE-CCCE-4A61-9EA4-46EDFD689281}.Net35|x64.ActiveCfg = Net35|x64
		{E71AD6EE-CCCE-4A61-9EA4-46EDFD689281}.Net35|x64.Build.0 = Net35|x64
		{E71AD6EE-CCCE-4A61-9EA4-46EDFD689281}.Net35|x86.ActiveCfg = Net35|x86
		{E71AD6EE-CCCE-4A61-9EA4-46EDFD689281}.Net35|x86.Build.0 = Net35|x86
		{E71AD6EE-CCCE-4A61-9EA4-46EDFD689281}.Release|Any CPU.ActiveCfg = Release|Any CPU
		{E71AD6EE-CCCE-4A61-9EA4-46EDFD689281}.Release|Any CPU.Build.0 = Release|Any CPU
		{E71AD6EE-CCCE-4A61-9EA4-46EDFD689281}.Release|x64.ActiveCfg = Release|x64
		{E71AD6EE-CCCE-4A61-9EA4-46EDFD689281}.Release|x64.Build.0 = Release|x64
		{E71AD6EE-CCCE-4A61-9EA4-46EDFD689281}.Release|x86.ActiveCfg = Release|x86
		{E71AD6EE-CCCE-4A61-9EA4-46EDFD689281}.Release|x86.Build.0 = Release|x86
	EndGlobalSection
	GlobalSection(SolutionProperties) = preSolution
		HideSolutionNode = FALSE
	EndGlobalSection
EndGlobal
